
Microsoft Visual Studio Solution File, Format Version 12.00
# Visual Studio Version 17
VisualStudioVersion = 17.6.33829.357
MinimumVisualStudioVersion = 10.0.40219.1
Project("{8BC9CEB8-8B4A-11D0-8D11-00A0C91BC942}") = "relearn", "relearn\relearn.vcxproj", "{C21660F6-D127-41D6-832E-4E01642F7648}"
EndProject
Project("{8BC9CEB8-8B4A-11D0-8D11-00A0C91BC942}") = "2_1", "2_1\2_1.vcxproj", "{09C4BEC2-D447-49B5-A1EE-BD89109355D4}"
EndProject
Project("{8BC9CEB8-8B4A-11D0-8D11-00A0C91BC942}") = "2_30", "2_30\2_30.vcxproj", "{EEB6F736-A8CF-4B82-B316-958F7700CFFA}"
EndProject
Project("{8BC9CEB8-8B4A-11D0-8D11-00A0C91BC942}") = "2-31", "2-31\2-31.vcxproj", "{F30C4588-E93F-4C7E-89E4-2B967C226C04}"
EndProject
Project("{8BC9CEB8-8B4A-11D0-8D11-00A0C91BC942}") = "2_35", "2_35\2_35.vcxproj", "{50E7B7E4-7AC2-419B-96B4-278B004DC543}"
EndProject
Project("{8BC9CEB8-8B4A-11D0-8D11-00A0C91BC942}") = "3_2", "3_2\3_2.vcxproj", "{BDCE6050-98D3-4B93-B202-D7502D691A0B}"
EndProject
Project("{8BC9CEB8-8B4A-11D0-8D11-00A0C91BC942}") = "3_3", "3_3\3_3.vcxproj", "{5E21783A-D301-457C-8CFA-219C487CBBB6}"
EndProject
Project("{8BC9CEB8-8B4A-11D0-8D11-00A0C91BC942}") = "3_4", "3_4\3_4.vcxproj", "{FDD41759-4137-4200-A3A6-45D451BB74CF}"
EndProject
Project("{8BC9CEB8-8B4A-11D0-8D11-00A0C91BC942}") = "3_13", "3_13\3_13.vcxproj", "{5EBDC71E-89E8-4C9B-852A-D38E1B3470DF}"
EndProject
Project("{8BC9CEB8-8B4A-11D0-8D11-00A0C91BC942}") = "3_15", "3_15\3_15.vcxproj", "{230D527D-2AA8-466A-9B1D-D0B2A8FF017F}"
EndProject
Project("{8BC9CEB8-8B4A-11D0-8D11-00A0C91BC942}") = "4_1", "4_1\4_1.vcxproj", "{D2BCF5E7-A5BB-4DB4-B3E7-A4D6296AD3C3}"
EndProject
Project("{8BC9CEB8-8B4A-11D0-8D11-00A0C91BC942}") = "4_4", "4_4\4_4.vcxproj", "{2D026789-46F6-4A45-B306-C19E05B9F82D}"
EndProject
Project("{8BC9CEB8-8B4A-11D0-8D11-00A0C91BC942}") = "4_5", "4_5\4_5.vcxproj", "{231D98CB-D8EC-435A-80B1-47716146CBA4}"
EndProject
Project("{8BC9CEB8-8B4A-11D0-8D11-00A0C91BC942}") = "4_9", "4_9\4_9.vcxproj", "{20B7EBAE-92E6-4F5C-9F6C-7AB4A3435478}"
EndProject
Project("{8BC9CEB8-8B4A-11D0-8D11-00A0C91BC942}") = "4_10", "4_10\4_10.vcxproj", "{2705B4D6-9F57-4C9E-9507-D586D8981DEE}"
EndProject
Project("{8BC9CEB8-8B4A-11D0-8D11-00A0C91BC942}") = "5_7", "5_7\5_7.vcxproj", "{5EF324C3-F4AB-4F0E-B3C6-D9F009588927}"
EndProject
Project("{8BC9CEB8-8B4A-11D0-8D11-00A0C91BC942}") = "5_11", "5_11\5_11.vcxproj", "{184E9C60-F6B1-48C5-9B38-36C6172AD49F}"
EndProject
Project("{8BC9CEB8-8B4A-11D0-8D11-00A0C91BC942}") = "5_12", "5_12\5_12.vcxproj", "{3ADA2F03-CA50-4914-A6AE-6583CFF9B629}"
EndProject
Project("{8BC9CEB8-8B4A-11D0-8D11-00A0C91BC942}") = "5_13", "5_13\5_13.vcxproj", "{4550EB57-924A-4CE4-A20A-44888E964A1D}"
EndProject
Project("{8BC9CEB8-8B4A-11D0-8D11-00A0C91BC942}") = "5_14", "5_14\5_14.vcxproj", "{B14FD9AE-B444-4582-8F87-7CFF8A2782C7}"
EndProject
Project("{8BC9CEB8-8B4A-11D0-8D11-00A0C91BC942}") = "6_1", "6_1\6_1.vcxproj", "{A135868A-7942-412A-8C5B-421EC95ABBBE}"
EndProject
Project("{8BC9CEB8-8B4A-11D0-8D11-00A0C91BC942}") = "6_2", "6_2\6_2.vcxproj", "{47B81700-6BC9-42C7-A3C5-0188B28BE371}"
EndProject
Project("{8BC9CEB8-8B4A-11D0-8D11-00A0C91BC942}") = "6_5", "6_5\6_5.vcxproj", "{DE6A2C46-3231-4F05-A194-4C4004DA0621}"
EndProject
Project("{8BC9CEB8-8B4A-11D0-8D11-00A0C91BC942}") = "6_7", "6_7\6_7.vcxproj", "{BBF97C13-26CD-439F-9C3F-851645FACE1B}"
EndProject
Project("{8BC9CEB8-8B4A-11D0-8D11-00A0C91BC942}") = "6_8", "6_8\6_8.vcxproj", "{2FFA23BC-8A22-48C1-B49C-9F1DFA52E17C}"
EndProject
Project("{8BC9CEB8-8B4A-11D0-8D11-00A0C91BC942}") = "6_10", "6_10\6_10.vcxproj", "{54822339-EDF6-4D5A-8E10-0F5C801EA663}"
EndProject
Project("{8BC9CEB8-8B4A-11D0-8D11-00A0C91BC942}") = "6_11", "6_11\6_11.vcxproj", "{A3BB8D2C-C330-4EAA-BC38-3CD13CA6B54A}"
EndProject
Project("{8BC9CEB8-8B4A-11D0-8D11-00A0C91BC942}") = "6_12", "6_12\6_12.vcxproj", "{7972295E-962B-4B36-9E4E-5738DDE8F948}"
EndProject
Project("{8BC9CEB8-8B4A-11D0-8D11-00A0C91BC942}") = "6_13", "6_13\6_13.vcxproj", "{A641E93D-12E6-4D9C-BC70-C8A9DAC542BC}"
EndProject
Project("{8BC9CEB8-8B4A-11D0-8D11-00A0C91BC942}") = "6_18", "6_18\6_18.vcxproj", "{D5BD0D75-2435-4320-8CA2-317074D5FF4A}"
EndProject
Project("{8BC9CEB8-8B4A-11D0-8D11-00A0C91BC942}") = "6_20", "6_20\6_20.vcxproj", "{F400CE88-11A8-4704-AF48-D6119484F498}"
EndProject
Project("{8BC9CEB8-8B4A-11D0-8D11-00A0C91BC942}") = "6_24", "6_24\6_24.vcxproj", "{BF82988A-8490-4CDA-8801-36D30A002310}"
EndProject
Project("{8BC9CEB8-8B4A-11D0-8D11-00A0C91BC942}") = "6_20_2", "6_20_2\6_20_2.vcxproj", "{D8F057B9-FD6E-4F0D-9F56-BC90563219AB}"
EndProject
Project("{8BC9CEB8-8B4A-11D0-8D11-00A0C91BC942}") = "6_21", "6_21\6_21.vcxproj", "{13752D7E-5D4A-4E49-A93A-1B9E4030E346}"
EndProject
Project("{8BC9CEB8-8B4A-11D0-8D11-00A0C91BC942}") = "6_22", "6_22\6_22.vcxproj", "{E2A4B5B1-9BDE-4ADF-A67C-C25DB2C5A6FB}"
EndProject
Project("{8BC9CEB8-8B4A-11D0-8D11-00A0C91BC942}") = "6_23", "6_23\6_23.vcxproj", "{A4DD9BC7-E8F9-49DD-8294-940D7856A38B}"
EndProject
Project("{8BC9CEB8-8B4A-11D0-8D11-00A0C91BC942}") = "6_24_2", "6_24_2\6_24_2.vcxproj", "{E01BFF7B-37AF-46D8-878C-F9423872AA20}"
EndProject
Project("{8BC9CEB8-8B4A-11D0-8D11-00A0C91BC942}") = "6_25", "6_25\6_25.vcxproj", "{F0E04D08-C113-4C34-BE16-B84D44684A30}"
EndProject
Project("{8BC9CEB8-8B4A-11D0-8D11-00A0C91BC942}") = "6_26", "6_26\6_26.vcxproj", "{7E299DE1-A815-4550-8D45-A1592CF9B710}"
EndProject
Project("{8BC9CEB8-8B4A-11D0-8D11-00A0C91BC942}") = "6_27", "6_27\6_27.vcxproj", "{535E3D66-9E2F-41E4-82A0-C9E61F56CA95}"
EndProject
Project("{8BC9CEB8-8B4A-11D0-8D11-00A0C91BC942}") = "6_28", "6_28\6_28.vcxproj", "{8FA2B531-EB47-4F2B-A0C4-836921FCFA4B}"
EndProject
Project("{8BC9CEB8-8B4A-11D0-8D11-00A0C91BC942}") = "7_0", "7_0\7_0.vcxproj", "{C998BB9E-5725-4544-92F8-800C62120181}"
EndProject
Project("{8BC9CEB8-8B4A-11D0-8D11-00A0C91BC942}") = "7_1", "7_1\7_1.vcxproj", "{C5C5A7CC-212E-4A18-B1EA-883E53152C25}"
EndProject
Project("{8BC9CEB8-8B4A-11D0-8D11-00A0C91BC942}") = "7_3", "7_3\7_3.vcxproj", "{4BC8F3C7-19AA-429D-8AE5-1311B8C54510}"
EndProject
Project("{8BC9CEB8-8B4A-11D0-8D11-00A0C91BC942}") = "7_4", "7_4\7_4.vcxproj", "{0F4F478D-F8B5-4C5E-B187-BCFF8BB10BA2}"
EndProject
Project("{8BC9CEB8-8B4A-11D0-8D11-00A0C91BC942}") = "7_5", "7_5\7_5.vcxproj", "{2897FCD9-F29A-45E3-AF29-BE780F2CEF52}"
EndProject
Project("{8BC9CEB8-8B4A-11D0-8D11-00A0C91BC942}") = "7_6", "7_6\7_6.vcxproj", "{50A21E26-AB44-44E2-B322-C03BF83ACA21}"
EndProject
Project("{8BC9CEB8-8B4A-11D0-8D11-00A0C91BC942}") = "7_7", "7_7\7_7.vcxproj", "{B1365E81-50C9-4A05-A032-EFB7BC403A35}"
EndProject
Project("{8BC9CEB8-8B4A-11D0-8D11-00A0C91BC942}") = "7_8", "7_8\7_8.vcxproj", "{10CB76A3-6F63-480E-BBA9-8A81807334FB}"
EndProject
Project("{8BC9CEB8-8B4A-11D0-8D11-00A0C91BC942}") = "7_9", "7_9\7_9.vcxproj", "{F48270EA-D67B-4ED8-B3BA-A341D02A9F72}"
EndProject
Project("{8BC9CEB8-8B4A-11D0-8D11-00A0C91BC942}") = "7_shiyan", "7_shiyan\7_shiyan.vcxproj", "{4892234C-C6AD-44F4-AD02-A5352D5FC826}"
EndProject
Project("{8BC9CEB8-8B4A-11D0-8D11-00A0C91BC942}") = "7_5_2", "7_5_2\7_5_2.vcxproj", "{D78A5A3D-B299-4A96-8A3B-6910612CE7B5}"
EndProject
Project("{8BC9CEB8-8B4A-11D0-8D11-00A0C91BC942}") = "7_6_2", "7_6_2\7_6_2.vcxproj", "{690E935A-CF1A-495F-A8F6-7A9F925535A8}"
EndProject
Project("{8BC9CEB8-8B4A-11D0-8D11-00A0C91BC942}") = "7_7_2", "7_7_2\7_7_2.vcxproj", "{79FB61D8-7412-4B1F-AFF5-8C18D5411577}"
EndProject
Project("{8BC9CEB8-8B4A-11D0-8D11-00A0C91BC942}") = "7_8_2", "7_8_2\7_8_2.vcxproj", "{3CD1109A-368E-4799-885C-DB1CC00CCFE1}"
EndProject
Project("{8BC9CEB8-8B4A-11D0-8D11-00A0C91BC942}") = "7_9_2", "7_9_2\7_9_2.vcxproj", "{8DFF0DD4-DF0E-42FC-9CED-629F861C03C1}"
EndProject
Project("{8BC9CEB8-8B4A-11D0-8D11-00A0C91BC942}") = "7_10", "7_10\7_10.vcxproj", "{CEA277C0-3CD2-46C5-B213-49DDE25A8C5E}"
EndProject
Project("{8BC9CEB8-8B4A-11D0-8D11-00A0C91BC942}") = "7_11", "7_11\7_11.vcxproj", "{B5281DE3-7C88-4371-B252-71DA1A96BED5}"
EndProject
Project("{8BC9CEB8-8B4A-11D0-8D11-00A0C91BC942}") = "8_1", "8_1\8_1.vcxproj", "{047CB4D1-9A3C-44A9-8B52-87124BC53534}"
EndProject
Project("{8BC9CEB8-8B4A-11D0-8D11-00A0C91BC942}") = "8_2", "8_2\8_2.vcxproj", "{1BBF37AC-0D47-4BFB-9804-1695660F840A}"
EndProject
Project("{8BC9CEB8-8B4A-11D0-8D11-00A0C91BC942}") = "8_3", "8_3\8_3.vcxproj", "{7ADB81BA-B056-479D-AAA1-CD3CF22CFCB5}"
EndProject
Project("{8BC9CEB8-8B4A-11D0-8D11-00A0C91BC942}") = "8_4", "8_4\8_4.vcxproj", "{F8CD7581-D16C-425C-94A5-F068083F63F9}"
EndProject
Project("{8BC9CEB8-8B4A-11D0-8D11-00A0C91BC942}") = "8_5", "8_5\8_5.vcxproj", "{8F8EB027-B3EA-42D6-BA7F-D91919D24A46}"
EndProject
Project("{8BC9CEB8-8B4A-11D0-8D11-00A0C91BC942}") = "8_6", "8_6\8_6.vcxproj", "{07E340E8-3B18-4FF3-B81E-BE72C9E146E7}"
EndProject
Project("{8BC9CEB8-8B4A-11D0-8D11-00A0C91BC942}") = "8_7", "8_7\8_7.vcxproj", "{A9A11B89-567F-40CA-A5D2-CADD4426B9B4}"
EndProject
Project("{8BC9CEB8-8B4A-11D0-8D11-00A0C91BC942}") = "8_5_2", "8_5_2\8_5_2.vcxproj", "{4F619DAD-07B2-4720-9F69-E312E9E33DCF}"
EndProject
Project("{8BC9CEB8-8B4A-11D0-8D11-00A0C91BC942}") = "9_0", "9_0\9_0.vcxproj", "{E4586512-9027-456A-897E-611126616EEE}"
EndProject
Project("{8BC9CEB8-8B4A-11D0-8D11-00A0C91BC942}") = "9_2", "9_2\9_2.vcxproj", "{8F4EE8F4-6898-43B7-A9BA-769480E73D2B}"
EndProject
Project("{8BC9CEB8-8B4A-11D0-8D11-00A0C91BC942}") = "9_3", "9_3\9_3.vcxproj", "{9CC0210B-2D97-4555-AD41-71CFDA47B5E7}"
EndProject
Project("{8BC9CEB8-8B4A-11D0-8D11-00A0C91BC942}") = "9_5", "9_5\9_5.vcxproj", "{E834DBA7-469B-443D-A2DD-4D0D5D914790}"
EndProject
Project("{8BC9CEB8-8B4A-11D0-8D11-00A0C91BC942}") = "9_6", "9_6\9_6.vcxproj", "{576AA6D4-7161-4B26-9533-9F88B170D166}"
EndProject
Project("{8BC9CEB8-8B4A-11D0-8D11-00A0C91BC942}") = "9_7", "9_7\9_7.vcxproj", "{377055E6-2D00-4438-93C8-26161D7491D3}"
EndProject
Project("{8BC9CEB8-8B4A-11D0-8D11-00A0C91BC942}") = "9_1_XT", "9_1_XT\9_1_XT.vcxproj", "{FD98F6A4-C0AF-48CC-BAE5-40A481192CA6}"
EndProject
Project("{8BC9CEB8-8B4A-11D0-8D11-00A0C91BC942}") = "9_4_XT", "9_4_XT\9_4_XT.vcxproj", "{313713F8-E546-488A-B5C4-D2745CCD3371}"
EndProject
Project("{8BC9CEB8-8B4A-11D0-8D11-00A0C91BC942}") = "9_8", "9_8\9_8.vcxproj", "{6E45A9BF-1C27-4EC8-A469-DC27533A2914}"
EndProject
Project("{8BC9CEB8-8B4A-11D0-8D11-00A0C91BC942}") = "9_9", "9_9\9_9.vcxproj", "{3925F4E8-946A-4D15-A414-5168369390A3}"
EndProject
Project("{8BC9CEB8-8B4A-11D0-8D11-00A0C91BC942}") = "9_10", "9_10\9_10.vcxproj", "{92727EF3-5F39-48D1-A151-0F50116736BF}"
EndProject
Project("{8BC9CEB8-8B4A-11D0-8D11-00A0C91BC942}") = "9_11", "9_11\9_11.vcxproj", "{6C9A8489-4948-439B-81FB-9735400B65EA}"
EndProject
Project("{8BC9CEB8-8B4A-11D0-8D11-00A0C91BC942}") = "9_12", "9_12\9_12.vcxproj", "{B0D2765A-214B-4738-96F2-2B8792C6F338}"
EndProject
Project("{8BC9CEB8-8B4A-11D0-8D11-00A0C91BC942}") = "9_13", "9_13\9_13.vcxproj", "{B7A6FD40-51A8-4E17-AB2E-E318F0993EA2}"
EndProject
Project("{8BC9CEB8-8B4A-11D0-8D11-00A0C91BC942}") = "9_14", "9_14\9_14.vcxproj", "{024F7231-90A6-4358-B5FD-F0244FC7752A}"
EndProject
Project("{8BC9CEB8-8B4A-11D0-8D11-00A0C91BC942}") = "9_15", "9_15\9_15.vcxproj", "{F066EEA0-2DCF-4804-A01B-B79F4DC845D1}"
EndProject
Project("{8BC9CEB8-8B4A-11D0-8D11-00A0C91BC942}") = "9_16", "9_16\9_16.vcxproj", "{72C6AFD4-8F96-4B54-B773-55D64ED66100}"
EndProject
Project("{8BC9CEB8-8B4A-11D0-8D11-00A0C91BC942}") = "10_1", "10_1\10_1.vcxproj", "{9872E414-847B-409B-ABD1-168FC8BC7C07}"
EndProject
Project("{8BC9CEB8-8B4A-11D0-8D11-00A0C91BC942}") = "10_2", "10_2\10_2.vcxproj", "{2930550D-CD81-4F8E-AEE9-D9BEF3483CC2}"
EndProject
Project("{8BC9CEB8-8B4A-11D0-8D11-00A0C91BC942}") = "10_3", "10_3\10_3.vcxproj", "{4BC2EC1D-8E84-4402-B7A6-8DC89DA89638}"
EndProject
Project("{8BC9CEB8-8B4A-11D0-8D11-00A0C91BC942}") = "10_4", "10_4\10_4.vcxproj", "{0364071D-616A-4837-89DF-5FA227D2AF8F}"
EndProject
Project("{8BC9CEB8-8B4A-11D0-8D11-00A0C91BC942}") = "10_5", "10_5\10_5.vcxproj", "{7F777801-6BA9-4693-AB4C-2030316FAC08}"
EndProject
Project("{8BC9CEB8-8B4A-11D0-8D11-00A0C91BC942}") = "10_6", "10_6\10_6.vcxproj", "{F1E7ABF6-5079-4DCB-9E34-A917FD13D3C1}"
EndProject
Project("{8BC9CEB8-8B4A-11D0-8D11-00A0C91BC942}") = "10_7", "10_7\10_7.vcxproj", "{4D9D4D47-3331-4212-8290-D97CC20B5A7F}"
EndProject
Project("{8BC9CEB8-8B4A-11D0-8D11-00A0C91BC942}") = "10_8", "10_8\10_8.vcxproj", "{FF0EB2B4-3589-4827-9D1E-A296A2A76C8A}"
EndProject
Project("{8BC9CEB8-8B4A-11D0-8D11-00A0C91BC942}") = "10_9", "10_9\10_9.vcxproj", "{B2FFCF51-FB40-4930-9AF7-31DC551E047B}"
EndProject
Project("{8BC9CEB8-8B4A-11D0-8D11-00A0C91BC942}") = "10_10", "10_10\10_10.vcxproj", "{D9B95EA9-2C97-47F9-8613-60BADF883B71}"
EndProject
Project("{8BC9CEB8-8B4A-11D0-8D11-00A0C91BC942}") = "10_11", "10_11\10_11.vcxproj", "{C184485C-B568-43D8-BAAB-C09FAD6179C1}"
EndProject
Project("{8BC9CEB8-8B4A-11D0-8D11-00A0C91BC942}") = "10_12", "10_12\10_12.vcxproj", "{08F04EDC-BF9B-43C1-87BA-AF9BA4D8A431}"
EndProject
Project("{8BC9CEB8-8B4A-11D0-8D11-00A0C91BC942}") = "10_13", "10_13\10_13.vcxproj", "{6784B498-AB27-4C52-9C75-FCE9376A7C0A}"
EndProject
Global
	GlobalSection(SolutionConfigurationPlatforms) = preSolution
		Debug|x64 = Debug|x64
		Debug|x86 = Debug|x86
		Release|x64 = Release|x64
		Release|x86 = Release|x86
	EndGlobalSection
	GlobalSection(ProjectConfigurationPlatforms) = postSolution
		{C21660F6-D127-41D6-832E-4E01642F7648}.Debug|x64.ActiveCfg = Debug|x64
		{C21660F6-D127-41D6-832E-4E01642F7648}.Debug|x64.Build.0 = Debug|x64
		{C21660F6-D127-41D6-832E-4E01642F7648}.Debug|x86.ActiveCfg = Debug|Win32
		{C21660F6-D127-41D6-832E-4E01642F7648}.Debug|x86.Build.0 = Debug|Win32
		{C21660F6-D127-41D6-832E-4E01642F7648}.Release|x64.ActiveCfg = Release|x64
		{C21660F6-D127-41D6-832E-4E01642F7648}.Release|x64.Build.0 = Release|x64
		{C21660F6-D127-41D6-832E-4E01642F7648}.Release|x86.ActiveCfg = Release|Win32
		{C21660F6-D127-41D6-832E-4E01642F7648}.Release|x86.Build.0 = Release|Win32
		{09C4BEC2-D447-49B5-A1EE-BD89109355D4}.Debug|x64.ActiveCfg = Debug|x64
		{09C4BEC2-D447-49B5-A1EE-BD89109355D4}.Debug|x64.Build.0 = Debug|x64
		{09C4BEC2-D447-49B5-A1EE-BD89109355D4}.Debug|x86.ActiveCfg = Debug|Win32
		{09C4BEC2-D447-49B5-A1EE-BD89109355D4}.Debug|x86.Build.0 = Debug|Win32
		{09C4BEC2-D447-49B5-A1EE-BD89109355D4}.Release|x64.ActiveCfg = Release|x64
		{09C4BEC2-D447-49B5-A1EE-BD89109355D4}.Release|x64.Build.0 = Release|x64
		{09C4BEC2-D447-49B5-A1EE-BD89109355D4}.Release|x86.ActiveCfg = Release|Win32
		{09C4BEC2-D447-49B5-A1EE-BD89109355D4}.Release|x86.Build.0 = Release|Win32
		{EEB6F736-A8CF-4B82-B316-958F7700CFFA}.Debug|x64.ActiveCfg = Debug|x64
		{EEB6F736-A8CF-4B82-B316-958F7700CFFA}.Debug|x64.Build.0 = Debug|x64
		{EEB6F736-A8CF-4B82-B316-958F7700CFFA}.Debug|x86.ActiveCfg = Debug|Win32
		{EEB6F736-A8CF-4B82-B316-958F7700CFFA}.Debug|x86.Build.0 = Debug|Win32
		{EEB6F736-A8CF-4B82-B316-958F7700CFFA}.Release|x64.ActiveCfg = Release|x64
		{EEB6F736-A8CF-4B82-B316-958F7700CFFA}.Release|x64.Build.0 = Release|x64
		{EEB6F736-A8CF-4B82-B316-958F7700CFFA}.Release|x86.ActiveCfg = Release|Win32
		{EEB6F736-A8CF-4B82-B316-958F7700CFFA}.Release|x86.Build.0 = Release|Win32
		{F30C4588-E93F-4C7E-89E4-2B967C226C04}.Debug|x64.ActiveCfg = Debug|x64
		{F30C4588-E93F-4C7E-89E4-2B967C226C04}.Debug|x64.Build.0 = Debug|x64
		{F30C4588-E93F-4C7E-89E4-2B967C226C04}.Debug|x86.ActiveCfg = Debug|Win32
		{F30C4588-E93F-4C7E-89E4-2B967C226C04}.Debug|x86.Build.0 = Debug|Win32
		{F30C4588-E93F-4C7E-89E4-2B967C226C04}.Release|x64.ActiveCfg = Release|x64
		{F30C4588-E93F-4C7E-89E4-2B967C226C04}.Release|x64.Build.0 = Release|x64
		{F30C4588-E93F-4C7E-89E4-2B967C226C04}.Release|x86.ActiveCfg = Release|Win32
		{F30C4588-E93F-4C7E-89E4-2B967C226C04}.Release|x86.Build.0 = Release|Win32
		{50E7B7E4-7AC2-419B-96B4-278B004DC543}.Debug|x64.ActiveCfg = Debug|x64
		{50E7B7E4-7AC2-419B-96B4-278B004DC543}.Debug|x64.Build.0 = Debug|x64
		{50E7B7E4-7AC2-419B-96B4-278B004DC543}.Debug|x86.ActiveCfg = Debug|Win32
		{50E7B7E4-7AC2-419B-96B4-278B004DC543}.Debug|x86.Build.0 = Debug|Win32
		{50E7B7E4-7AC2-419B-96B4-278B004DC543}.Release|x64.ActiveCfg = Release|x64
		{50E7B7E4-7AC2-419B-96B4-278B004DC543}.Release|x64.Build.0 = Release|x64
		{50E7B7E4-7AC2-419B-96B4-278B004DC543}.Release|x86.ActiveCfg = Release|Win32
		{50E7B7E4-7AC2-419B-96B4-278B004DC543}.Release|x86.Build.0 = Release|Win32
		{BDCE6050-98D3-4B93-B202-D7502D691A0B}.Debug|x64.ActiveCfg = Debug|x64
		{BDCE6050-98D3-4B93-B202-D7502D691A0B}.Debug|x64.Build.0 = Debug|x64
		{BDCE6050-98D3-4B93-B202-D7502D691A0B}.Debug|x86.ActiveCfg = Debug|Win32
		{BDCE6050-98D3-4B93-B202-D7502D691A0B}.Debug|x86.Build.0 = Debug|Win32
		{BDCE6050-98D3-4B93-B202-D7502D691A0B}.Release|x64.ActiveCfg = Release|x64
		{BDCE6050-98D3-4B93-B202-D7502D691A0B}.Release|x64.Build.0 = Release|x64
		{BDCE6050-98D3-4B93-B202-D7502D691A0B}.Release|x86.ActiveCfg = Release|Win32
		{BDCE6050-98D3-4B93-B202-D7502D691A0B}.Release|x86.Build.0 = Release|Win32
		{5E21783A-D301-457C-8CFA-219C487CBBB6}.Debug|x64.ActiveCfg = Debug|x64
		{5E21783A-D301-457C-8CFA-219C487CBBB6}.Debug|x64.Build.0 = Debug|x64
		{5E21783A-D301-457C-8CFA-219C487CBBB6}.Debug|x86.ActiveCfg = Debug|Win32
		{5E21783A-D301-457C-8CFA-219C487CBBB6}.Debug|x86.Build.0 = Debug|Win32
		{5E21783A-D301-457C-8CFA-219C487CBBB6}.Release|x64.ActiveCfg = Release|x64
		{5E21783A-D301-457C-8CFA-219C487CBBB6}.Release|x64.Build.0 = Release|x64
		{5E21783A-D301-457C-8CFA-219C487CBBB6}.Release|x86.ActiveCfg = Release|Win32
		{5E21783A-D301-457C-8CFA-219C487CBBB6}.Release|x86.Build.0 = Release|Win32
		{FDD41759-4137-4200-A3A6-45D451BB74CF}.Debug|x64.ActiveCfg = Debug|x64
		{FDD41759-4137-4200-A3A6-45D451BB74CF}.Debug|x64.Build.0 = Debug|x64
		{FDD41759-4137-4200-A3A6-45D451BB74CF}.Debug|x86.ActiveCfg = Debug|Win32
		{FDD41759-4137-4200-A3A6-45D451BB74CF}.Debug|x86.Build.0 = Debug|Win32
		{FDD41759-4137-4200-A3A6-45D451BB74CF}.Release|x64.ActiveCfg = Release|x64
		{FDD41759-4137-4200-A3A6-45D451BB74CF}.Release|x64.Build.0 = Release|x64
		{FDD41759-4137-4200-A3A6-45D451BB74CF}.Release|x86.ActiveCfg = Release|Win32
		{FDD41759-4137-4200-A3A6-45D451BB74CF}.Release|x86.Build.0 = Release|Win32
		{5EBDC71E-89E8-4C9B-852A-D38E1B3470DF}.Debug|x64.ActiveCfg = Debug|x64
		{5EBDC71E-89E8-4C9B-852A-D38E1B3470DF}.Debug|x64.Build.0 = Debug|x64
		{5EBDC71E-89E8-4C9B-852A-D38E1B3470DF}.Debug|x86.ActiveCfg = Debug|Win32
		{5EBDC71E-89E8-4C9B-852A-D38E1B3470DF}.Debug|x86.Build.0 = Debug|Win32
		{5EBDC71E-89E8-4C9B-852A-D38E1B3470DF}.Release|x64.ActiveCfg = Release|x64
		{5EBDC71E-89E8-4C9B-852A-D38E1B3470DF}.Release|x64.Build.0 = Release|x64
		{5EBDC71E-89E8-4C9B-852A-D38E1B3470DF}.Release|x86.ActiveCfg = Release|Win32
		{5EBDC71E-89E8-4C9B-852A-D38E1B3470DF}.Release|x86.Build.0 = Release|Win32
		{230D527D-2AA8-466A-9B1D-D0B2A8FF017F}.Debug|x64.ActiveCfg = Debug|x64
		{230D527D-2AA8-466A-9B1D-D0B2A8FF017F}.Debug|x64.Build.0 = Debug|x64
		{230D527D-2AA8-466A-9B1D-D0B2A8FF017F}.Debug|x86.ActiveCfg = Debug|Win32
		{230D527D-2AA8-466A-9B1D-D0B2A8FF017F}.Debug|x86.Build.0 = Debug|Win32
		{230D527D-2AA8-466A-9B1D-D0B2A8FF017F}.Release|x64.ActiveCfg = Release|x64
		{230D527D-2AA8-466A-9B1D-D0B2A8FF017F}.Release|x64.Build.0 = Release|x64
		{230D527D-2AA8-466A-9B1D-D0B2A8FF017F}.Release|x86.ActiveCfg = Release|Win32
		{230D527D-2AA8-466A-9B1D-D0B2A8FF017F}.Release|x86.Build.0 = Release|Win32
		{D2BCF5E7-A5BB-4DB4-B3E7-A4D6296AD3C3}.Debug|x64.ActiveCfg = Debug|x64
		{D2BCF5E7-A5BB-4DB4-B3E7-A4D6296AD3C3}.Debug|x64.Build.0 = Debug|x64
		{D2BCF5E7-A5BB-4DB4-B3E7-A4D6296AD3C3}.Debug|x86.ActiveCfg = Debug|Win32
		{D2BCF5E7-A5BB-4DB4-B3E7-A4D6296AD3C3}.Debug|x86.Build.0 = Debug|Win32
		{D2BCF5E7-A5BB-4DB4-B3E7-A4D6296AD3C3}.Release|x64.ActiveCfg = Release|x64
		{D2BCF5E7-A5BB-4DB4-B3E7-A4D6296AD3C3}.Release|x64.Build.0 = Release|x64
		{D2BCF5E7-A5BB-4DB4-B3E7-A4D6296AD3C3}.Release|x86.ActiveCfg = Release|Win32
		{D2BCF5E7-A5BB-4DB4-B3E7-A4D6296AD3C3}.Release|x86.Build.0 = Release|Win32
		{2D026789-46F6-4A45-B306-C19E05B9F82D}.Debug|x64.ActiveCfg = Debug|x64
		{2D026789-46F6-4A45-B306-C19E05B9F82D}.Debug|x64.Build.0 = Debug|x64
		{2D026789-46F6-4A45-B306-C19E05B9F82D}.Debug|x86.ActiveCfg = Debug|Win32
		{2D026789-46F6-4A45-B306-C19E05B9F82D}.Debug|x86.Build.0 = Debug|Win32
		{2D026789-46F6-4A45-B306-C19E05B9F82D}.Release|x64.ActiveCfg = Release|x64
		{2D026789-46F6-4A45-B306-C19E05B9F82D}.Release|x64.Build.0 = Release|x64
		{2D026789-46F6-4A45-B306-C19E05B9F82D}.Release|x86.ActiveCfg = Release|Win32
		{2D026789-46F6-4A45-B306-C19E05B9F82D}.Release|x86.Build.0 = Release|Win32
		{231D98CB-D8EC-435A-80B1-47716146CBA4}.Debug|x64.ActiveCfg = Debug|x64
		{231D98CB-D8EC-435A-80B1-47716146CBA4}.Debug|x64.Build.0 = Debug|x64
		{231D98CB-D8EC-435A-80B1-47716146CBA4}.Debug|x86.ActiveCfg = Debug|Win32
		{231D98CB-D8EC-435A-80B1-47716146CBA4}.Debug|x86.Build.0 = Debug|Win32
		{231D98CB-D8EC-435A-80B1-47716146CBA4}.Release|x64.ActiveCfg = Release|x64
		{231D98CB-D8EC-435A-80B1-47716146CBA4}.Release|x64.Build.0 = Release|x64
		{231D98CB-D8EC-435A-80B1-47716146CBA4}.Release|x86.ActiveCfg = Release|Win32
		{231D98CB-D8EC-435A-80B1-47716146CBA4}.Release|x86.Build.0 = Release|Win32
		{20B7EBAE-92E6-4F5C-9F6C-7AB4A3435478}.Debug|x64.ActiveCfg = Debug|x64
		{20B7EBAE-92E6-4F5C-9F6C-7AB4A3435478}.Debug|x64.Build.0 = Debug|x64
		{20B7EBAE-92E6-4F5C-9F6C-7AB4A3435478}.Debug|x86.ActiveCfg = Debug|Win32
		{20B7EBAE-92E6-4F5C-9F6C-7AB4A3435478}.Debug|x86.Build.0 = Debug|Win32
		{20B7EBAE-92E6-4F5C-9F6C-7AB4A3435478}.Release|x64.ActiveCfg = Release|x64
		{20B7EBAE-92E6-4F5C-9F6C-7AB4A3435478}.Release|x64.Build.0 = Release|x64
		{20B7EBAE-92E6-4F5C-9F6C-7AB4A3435478}.Release|x86.ActiveCfg = Release|Win32
		{20B7EBAE-92E6-4F5C-9F6C-7AB4A3435478}.Release|x86.Build.0 = Release|Win32
		{2705B4D6-9F57-4C9E-9507-D586D8981DEE}.Debug|x64.ActiveCfg = Debug|x64
		{2705B4D6-9F57-4C9E-9507-D586D8981DEE}.Debug|x64.Build.0 = Debug|x64
		{2705B4D6-9F57-4C9E-9507-D586D8981DEE}.Debug|x86.ActiveCfg = Debug|Win32
		{2705B4D6-9F57-4C9E-9507-D586D8981DEE}.Debug|x86.Build.0 = Debug|Win32
		{2705B4D6-9F57-4C9E-9507-D586D8981DEE}.Release|x64.ActiveCfg = Release|x64
		{2705B4D6-9F57-4C9E-9507-D586D8981DEE}.Release|x64.Build.0 = Release|x64
		{2705B4D6-9F57-4C9E-9507-D586D8981DEE}.Release|x86.ActiveCfg = Release|Win32
		{2705B4D6-9F57-4C9E-9507-D586D8981DEE}.Release|x86.Build.0 = Release|Win32
		{5EF324C3-F4AB-4F0E-B3C6-D9F009588927}.Debug|x64.ActiveCfg = Debug|x64
		{5EF324C3-F4AB-4F0E-B3C6-D9F009588927}.Debug|x64.Build.0 = Debug|x64
		{5EF324C3-F4AB-4F0E-B3C6-D9F009588927}.Debug|x86.ActiveCfg = Debug|Win32
		{5EF324C3-F4AB-4F0E-B3C6-D9F009588927}.Debug|x86.Build.0 = Debug|Win32
		{5EF324C3-F4AB-4F0E-B3C6-D9F009588927}.Release|x64.ActiveCfg = Release|x64
		{5EF324C3-F4AB-4F0E-B3C6-D9F009588927}.Release|x64.Build.0 = Release|x64
		{5EF324C3-F4AB-4F0E-B3C6-D9F009588927}.Release|x86.ActiveCfg = Release|Win32
		{5EF324C3-F4AB-4F0E-B3C6-D9F009588927}.Release|x86.Build.0 = Release|Win32
		{184E9C60-F6B1-48C5-9B38-36C6172AD49F}.Debug|x64.ActiveCfg = Debug|x64
		{184E9C60-F6B1-48C5-9B38-36C6172AD49F}.Debug|x64.Build.0 = Debug|x64
		{184E9C60-F6B1-48C5-9B38-36C6172AD49F}.Debug|x86.ActiveCfg = Debug|Win32
		{184E9C60-F6B1-48C5-9B38-36C6172AD49F}.Debug|x86.Build.0 = Debug|Win32
		{184E9C60-F6B1-48C5-9B38-36C6172AD49F}.Release|x64.ActiveCfg = Release|x64
		{184E9C60-F6B1-48C5-9B38-36C6172AD49F}.Release|x64.Build.0 = Release|x64
		{184E9C60-F6B1-48C5-9B38-36C6172AD49F}.Release|x86.ActiveCfg = Release|Win32
		{184E9C60-F6B1-48C5-9B38-36C6172AD49F}.Release|x86.Build.0 = Release|Win32
		{3ADA2F03-CA50-4914-A6AE-6583CFF9B629}.Debug|x64.ActiveCfg = Debug|x64
		{3ADA2F03-CA50-4914-A6AE-6583CFF9B629}.Debug|x64.Build.0 = Debug|x64
		{3ADA2F03-CA50-4914-A6AE-6583CFF9B629}.Debug|x86.ActiveCfg = Debug|Win32
		{3ADA2F03-CA50-4914-A6AE-6583CFF9B629}.Debug|x86.Build.0 = Debug|Win32
		{3ADA2F03-CA50-4914-A6AE-6583CFF9B629}.Release|x64.ActiveCfg = Release|x64
		{3ADA2F03-CA50-4914-A6AE-6583CFF9B629}.Release|x64.Build.0 = Release|x64
		{3ADA2F03-CA50-4914-A6AE-6583CFF9B629}.Release|x86.ActiveCfg = Release|Win32
		{3ADA2F03-CA50-4914-A6AE-6583CFF9B629}.Release|x86.Build.0 = Release|Win32
		{4550EB57-924A-4CE4-A20A-44888E964A1D}.Debug|x64.ActiveCfg = Debug|x64
		{4550EB57-924A-4CE4-A20A-44888E964A1D}.Debug|x64.Build.0 = Debug|x64
		{4550EB57-924A-4CE4-A20A-44888E964A1D}.Debug|x86.ActiveCfg = Debug|Win32
		{4550EB57-924A-4CE4-A20A-44888E964A1D}.Debug|x86.Build.0 = Debug|Win32
		{4550EB57-924A-4CE4-A20A-44888E964A1D}.Release|x64.ActiveCfg = Release|x64
		{4550EB57-924A-4CE4-A20A-44888E964A1D}.Release|x64.Build.0 = Release|x64
		{4550EB57-924A-4CE4-A20A-44888E964A1D}.Release|x86.ActiveCfg = Release|Win32
		{4550EB57-924A-4CE4-A20A-44888E964A1D}.Release|x86.Build.0 = Release|Win32
		{B14FD9AE-B444-4582-8F87-7CFF8A2782C7}.Debug|x64.ActiveCfg = Debug|x64
		{B14FD9AE-B444-4582-8F87-7CFF8A2782C7}.Debug|x64.Build.0 = Debug|x64
		{B14FD9AE-B444-4582-8F87-7CFF8A2782C7}.Debug|x86.ActiveCfg = Debug|Win32
		{B14FD9AE-B444-4582-8F87-7CFF8A2782C7}.Debug|x86.Build.0 = Debug|Win32
		{B14FD9AE-B444-4582-8F87-7CFF8A2782C7}.Release|x64.ActiveCfg = Release|x64
		{B14FD9AE-B444-4582-8F87-7CFF8A2782C7}.Release|x64.Build.0 = Release|x64
		{B14FD9AE-B444-4582-8F87-7CFF8A2782C7}.Release|x86.ActiveCfg = Release|Win32
		{B14FD9AE-B444-4582-8F87-7CFF8A2782C7}.Release|x86.Build.0 = Release|Win32
		{A135868A-7942-412A-8C5B-421EC95ABBBE}.Debug|x64.ActiveCfg = Debug|x64
		{A135868A-7942-412A-8C5B-421EC95ABBBE}.Debug|x64.Build.0 = Debug|x64
		{A135868A-7942-412A-8C5B-421EC95ABBBE}.Debug|x86.ActiveCfg = Debug|Win32
		{A135868A-7942-412A-8C5B-421EC95ABBBE}.Debug|x86.Build.0 = Debug|Win32
		{A135868A-7942-412A-8C5B-421EC95ABBBE}.Release|x64.ActiveCfg = Release|x64
		{A135868A-7942-412A-8C5B-421EC95ABBBE}.Release|x64.Build.0 = Release|x64
		{A135868A-7942-412A-8C5B-421EC95ABBBE}.Release|x86.ActiveCfg = Release|Win32
		{A135868A-7942-412A-8C5B-421EC95ABBBE}.Release|x86.Build.0 = Release|Win32
		{47B81700-6BC9-42C7-A3C5-0188B28BE371}.Debug|x64.ActiveCfg = Debug|x64
		{47B81700-6BC9-42C7-A3C5-0188B28BE371}.Debug|x64.Build.0 = Debug|x64
		{47B81700-6BC9-42C7-A3C5-0188B28BE371}.Debug|x86.ActiveCfg = Debug|Win32
		{47B81700-6BC9-42C7-A3C5-0188B28BE371}.Debug|x86.Build.0 = Debug|Win32
		{47B81700-6BC9-42C7-A3C5-0188B28BE371}.Release|x64.ActiveCfg = Release|x64
		{47B81700-6BC9-42C7-A3C5-0188B28BE371}.Release|x64.Build.0 = Release|x64
		{47B81700-6BC9-42C7-A3C5-0188B28BE371}.Release|x86.ActiveCfg = Release|Win32
		{47B81700-6BC9-42C7-A3C5-0188B28BE371}.Release|x86.Build.0 = Release|Win32
		{DE6A2C46-3231-4F05-A194-4C4004DA0621}.Debug|x64.ActiveCfg = Debug|x64
		{DE6A2C46-3231-4F05-A194-4C4004DA0621}.Debug|x64.Build.0 = Debug|x64
		{DE6A2C46-3231-4F05-A194-4C4004DA0621}.Debug|x86.ActiveCfg = Debug|Win32
		{DE6A2C46-3231-4F05-A194-4C4004DA0621}.Debug|x86.Build.0 = Debug|Win32
		{DE6A2C46-3231-4F05-A194-4C4004DA0621}.Release|x64.ActiveCfg = Release|x64
		{DE6A2C46-3231-4F05-A194-4C4004DA0621}.Release|x64.Build.0 = Release|x64
		{DE6A2C46-3231-4F05-A194-4C4004DA0621}.Release|x86.ActiveCfg = Release|Win32
		{DE6A2C46-3231-4F05-A194-4C4004DA0621}.Release|x86.Build.0 = Release|Win32
		{BBF97C13-26CD-439F-9C3F-851645FACE1B}.Debug|x64.ActiveCfg = Debug|x64
		{BBF97C13-26CD-439F-9C3F-851645FACE1B}.Debug|x64.Build.0 = Debug|x64
		{BBF97C13-26CD-439F-9C3F-851645FACE1B}.Debug|x86.ActiveCfg = Debug|Win32
		{BBF97C13-26CD-439F-9C3F-851645FACE1B}.Debug|x86.Build.0 = Debug|Win32
		{BBF97C13-26CD-439F-9C3F-851645FACE1B}.Release|x64.ActiveCfg = Release|x64
		{BBF97C13-26CD-439F-9C3F-851645FACE1B}.Release|x64.Build.0 = Release|x64
		{BBF97C13-26CD-439F-9C3F-851645FACE1B}.Release|x86.ActiveCfg = Release|Win32
		{BBF97C13-26CD-439F-9C3F-851645FACE1B}.Release|x86.Build.0 = Release|Win32
		{2FFA23BC-8A22-48C1-B49C-9F1DFA52E17C}.Debug|x64.ActiveCfg = Debug|x64
		{2FFA23BC-8A22-48C1-B49C-9F1DFA52E17C}.Debug|x64.Build.0 = Debug|x64
		{2FFA23BC-8A22-48C1-B49C-9F1DFA52E17C}.Debug|x86.ActiveCfg = Debug|Win32
		{2FFA23BC-8A22-48C1-B49C-9F1DFA52E17C}.Debug|x86.Build.0 = Debug|Win32
		{2FFA23BC-8A22-48C1-B49C-9F1DFA52E17C}.Release|x64.ActiveCfg = Release|x64
		{2FFA23BC-8A22-48C1-B49C-9F1DFA52E17C}.Release|x64.Build.0 = Release|x64
		{2FFA23BC-8A22-48C1-B49C-9F1DFA52E17C}.Release|x86.ActiveCfg = Release|Win32
		{2FFA23BC-8A22-48C1-B49C-9F1DFA52E17C}.Release|x86.Build.0 = Release|Win32
		{54822339-EDF6-4D5A-8E10-0F5C801EA663}.Debug|x64.ActiveCfg = Debug|x64
		{54822339-EDF6-4D5A-8E10-0F5C801EA663}.Debug|x64.Build.0 = Debug|x64
		{54822339-EDF6-4D5A-8E10-0F5C801EA663}.Debug|x86.ActiveCfg = Debug|Win32
		{54822339-EDF6-4D5A-8E10-0F5C801EA663}.Debug|x86.Build.0 = Debug|Win32
		{54822339-EDF6-4D5A-8E10-0F5C801EA663}.Release|x64.ActiveCfg = Release|x64
		{54822339-EDF6-4D5A-8E10-0F5C801EA663}.Release|x64.Build.0 = Release|x64
		{54822339-EDF6-4D5A-8E10-0F5C801EA663}.Release|x86.ActiveCfg = Release|Win32
		{54822339-EDF6-4D5A-8E10-0F5C801EA663}.Release|x86.Build.0 = Release|Win32
		{A3BB8D2C-C330-4EAA-BC38-3CD13CA6B54A}.Debug|x64.ActiveCfg = Debug|x64
		{A3BB8D2C-C330-4EAA-BC38-3CD13CA6B54A}.Debug|x64.Build.0 = Debug|x64
		{A3BB8D2C-C330-4EAA-BC38-3CD13CA6B54A}.Debug|x86.ActiveCfg = Debug|Win32
		{A3BB8D2C-C330-4EAA-BC38-3CD13CA6B54A}.Debug|x86.Build.0 = Debug|Win32
		{A3BB8D2C-C330-4EAA-BC38-3CD13CA6B54A}.Release|x64.ActiveCfg = Release|x64
		{A3BB8D2C-C330-4EAA-BC38-3CD13CA6B54A}.Release|x64.Build.0 = Release|x64
		{A3BB8D2C-C330-4EAA-BC38-3CD13CA6B54A}.Release|x86.ActiveCfg = Release|Win32
		{A3BB8D2C-C330-4EAA-BC38-3CD13CA6B54A}.Release|x86.Build.0 = Release|Win32
		{7972295E-962B-4B36-9E4E-5738DDE8F948}.Debug|x64.ActiveCfg = Debug|x64
		{7972295E-962B-4B36-9E4E-5738DDE8F948}.Debug|x64.Build.0 = Debug|x64
		{7972295E-962B-4B36-9E4E-5738DDE8F948}.Debug|x86.ActiveCfg = Debug|Win32
		{7972295E-962B-4B36-9E4E-5738DDE8F948}.Debug|x86.Build.0 = Debug|Win32
		{7972295E-962B-4B36-9E4E-5738DDE8F948}.Release|x64.ActiveCfg = Release|x64
		{7972295E-962B-4B36-9E4E-5738DDE8F948}.Release|x64.Build.0 = Release|x64
		{7972295E-962B-4B36-9E4E-5738DDE8F948}.Release|x86.ActiveCfg = Release|Win32
		{7972295E-962B-4B36-9E4E-5738DDE8F948}.Release|x86.Build.0 = Release|Win32
		{A641E93D-12E6-4D9C-BC70-C8A9DAC542BC}.Debug|x64.ActiveCfg = Debug|x64
		{A641E93D-12E6-4D9C-BC70-C8A9DAC542BC}.Debug|x64.Build.0 = Debug|x64
		{A641E93D-12E6-4D9C-BC70-C8A9DAC542BC}.Debug|x86.ActiveCfg = Debug|Win32
		{A641E93D-12E6-4D9C-BC70-C8A9DAC542BC}.Debug|x86.Build.0 = Debug|Win32
		{A641E93D-12E6-4D9C-BC70-C8A9DAC542BC}.Release|x64.ActiveCfg = Release|x64
		{A641E93D-12E6-4D9C-BC70-C8A9DAC542BC}.Release|x64.Build.0 = Release|x64
		{A641E93D-12E6-4D9C-BC70-C8A9DAC542BC}.Release|x86.ActiveCfg = Release|Win32
		{A641E93D-12E6-4D9C-BC70-C8A9DAC542BC}.Release|x86.Build.0 = Release|Win32
		{D5BD0D75-2435-4320-8CA2-317074D5FF4A}.Debug|x64.ActiveCfg = Debug|x64
		{D5BD0D75-2435-4320-8CA2-317074D5FF4A}.Debug|x64.Build.0 = Debug|x64
		{D5BD0D75-2435-4320-8CA2-317074D5FF4A}.Debug|x86.ActiveCfg = Debug|Win32
		{D5BD0D75-2435-4320-8CA2-317074D5FF4A}.Debug|x86.Build.0 = Debug|Win32
		{D5BD0D75-2435-4320-8CA2-317074D5FF4A}.Release|x64.ActiveCfg = Release|x64
		{D5BD0D75-2435-4320-8CA2-317074D5FF4A}.Release|x64.Build.0 = Release|x64
		{D5BD0D75-2435-4320-8CA2-317074D5FF4A}.Release|x86.ActiveCfg = Release|Win32
		{D5BD0D75-2435-4320-8CA2-317074D5FF4A}.Release|x86.Build.0 = Release|Win32
		{F400CE88-11A8-4704-AF48-D6119484F498}.Debug|x64.ActiveCfg = Debug|x64
		{F400CE88-11A8-4704-AF48-D6119484F498}.Debug|x64.Build.0 = Debug|x64
		{F400CE88-11A8-4704-AF48-D6119484F498}.Debug|x86.ActiveCfg = Debug|Win32
		{F400CE88-11A8-4704-AF48-D6119484F498}.Debug|x86.Build.0 = Debug|Win32
		{F400CE88-11A8-4704-AF48-D6119484F498}.Release|x64.ActiveCfg = Release|x64
		{F400CE88-11A8-4704-AF48-D6119484F498}.Release|x64.Build.0 = Release|x64
		{F400CE88-11A8-4704-AF48-D6119484F498}.Release|x86.ActiveCfg = Release|Win32
		{F400CE88-11A8-4704-AF48-D6119484F498}.Release|x86.Build.0 = Release|Win32
		{BF82988A-8490-4CDA-8801-36D30A002310}.Debug|x64.ActiveCfg = Debug|x64
		{BF82988A-8490-4CDA-8801-36D30A002310}.Debug|x64.Build.0 = Debug|x64
		{BF82988A-8490-4CDA-8801-36D30A002310}.Debug|x86.ActiveCfg = Debug|Win32
		{BF82988A-8490-4CDA-8801-36D30A002310}.Debug|x86.Build.0 = Debug|Win32
		{BF82988A-8490-4CDA-8801-36D30A002310}.Release|x64.ActiveCfg = Release|x64
		{BF82988A-8490-4CDA-8801-36D30A002310}.Release|x64.Build.0 = Release|x64
		{BF82988A-8490-4CDA-8801-36D30A002310}.Release|x86.ActiveCfg = Release|Win32
		{BF82988A-8490-4CDA-8801-36D30A002310}.Release|x86.Build.0 = Release|Win32
		{D8F057B9-FD6E-4F0D-9F56-BC90563219AB}.Debug|x64.ActiveCfg = Debug|x64
		{D8F057B9-FD6E-4F0D-9F56-BC90563219AB}.Debug|x64.Build.0 = Debug|x64
		{D8F057B9-FD6E-4F0D-9F56-BC90563219AB}.Debug|x86.ActiveCfg = Debug|Win32
		{D8F057B9-FD6E-4F0D-9F56-BC90563219AB}.Debug|x86.Build.0 = Debug|Win32
		{D8F057B9-FD6E-4F0D-9F56-BC90563219AB}.Release|x64.ActiveCfg = Release|x64
		{D8F057B9-FD6E-4F0D-9F56-BC90563219AB}.Release|x64.Build.0 = Release|x64
		{D8F057B9-FD6E-4F0D-9F56-BC90563219AB}.Release|x86.ActiveCfg = Release|Win32
		{D8F057B9-FD6E-4F0D-9F56-BC90563219AB}.Release|x86.Build.0 = Release|Win32
		{13752D7E-5D4A-4E49-A93A-1B9E4030E346}.Debug|x64.ActiveCfg = Debug|x64
		{13752D7E-5D4A-4E49-A93A-1B9E4030E346}.Debug|x64.Build.0 = Debug|x64
		{13752D7E-5D4A-4E49-A93A-1B9E4030E346}.Debug|x86.ActiveCfg = Debug|Win32
		{13752D7E-5D4A-4E49-A93A-1B9E4030E346}.Debug|x86.Build.0 = Debug|Win32
		{13752D7E-5D4A-4E49-A93A-1B9E4030E346}.Release|x64.ActiveCfg = Release|x64
		{13752D7E-5D4A-4E49-A93A-1B9E4030E346}.Release|x64.Build.0 = Release|x64
		{13752D7E-5D4A-4E49-A93A-1B9E4030E346}.Release|x86.ActiveCfg = Release|Win32
		{13752D7E-5D4A-4E49-A93A-1B9E4030E346}.Release|x86.Build.0 = Release|Win32
		{E2A4B5B1-9BDE-4ADF-A67C-C25DB2C5A6FB}.Debug|x64.ActiveCfg = Debug|x64
		{E2A4B5B1-9BDE-4ADF-A67C-C25DB2C5A6FB}.Debug|x64.Build.0 = Debug|x64
		{E2A4B5B1-9BDE-4ADF-A67C-C25DB2C5A6FB}.Debug|x86.ActiveCfg = Debug|Win32
		{E2A4B5B1-9BDE-4ADF-A67C-C25DB2C5A6FB}.Debug|x86.Build.0 = Debug|Win32
		{E2A4B5B1-9BDE-4ADF-A67C-C25DB2C5A6FB}.Release|x64.ActiveCfg = Release|x64
		{E2A4B5B1-9BDE-4ADF-A67C-C25DB2C5A6FB}.Release|x64.Build.0 = Release|x64
		{E2A4B5B1-9BDE-4ADF-A67C-C25DB2C5A6FB}.Release|x86.ActiveCfg = Release|Win32
		{E2A4B5B1-9BDE-4ADF-A67C-C25DB2C5A6FB}.Release|x86.Build.0 = Release|Win32
		{A4DD9BC7-E8F9-49DD-8294-940D7856A38B}.Debug|x64.ActiveCfg = Debug|x64
		{A4DD9BC7-E8F9-49DD-8294-940D7856A38B}.Debug|x64.Build.0 = Debug|x64
		{A4DD9BC7-E8F9-49DD-8294-940D7856A38B}.Debug|x86.ActiveCfg = Debug|Win32
		{A4DD9BC7-E8F9-49DD-8294-940D7856A38B}.Debug|x86.Build.0 = Debug|Win32
		{A4DD9BC7-E8F9-49DD-8294-940D7856A38B}.Release|x64.ActiveCfg = Release|x64
		{A4DD9BC7-E8F9-49DD-8294-940D7856A38B}.Release|x64.Build.0 = Release|x64
		{A4DD9BC7-E8F9-49DD-8294-940D7856A38B}.Release|x86.ActiveCfg = Release|Win32
		{A4DD9BC7-E8F9-49DD-8294-940D7856A38B}.Release|x86.Build.0 = Release|Win32
		{E01BFF7B-37AF-46D8-878C-F9423872AA20}.Debug|x64.ActiveCfg = Debug|x64
		{E01BFF7B-37AF-46D8-878C-F9423872AA20}.Debug|x64.Build.0 = Debug|x64
		{E01BFF7B-37AF-46D8-878C-F9423872AA20}.Debug|x86.ActiveCfg = Debug|Win32
		{E01BFF7B-37AF-46D8-878C-F9423872AA20}.Debug|x86.Build.0 = Debug|Win32
		{E01BFF7B-37AF-46D8-878C-F9423872AA20}.Release|x64.ActiveCfg = Release|x64
		{E01BFF7B-37AF-46D8-878C-F9423872AA20}.Release|x64.Build.0 = Release|x64
		{E01BFF7B-37AF-46D8-878C-F9423872AA20}.Release|x86.ActiveCfg = Release|Win32
		{E01BFF7B-37AF-46D8-878C-F9423872AA20}.Release|x86.Build.0 = Release|Win32
		{F0E04D08-C113-4C34-BE16-B84D44684A30}.Debug|x64.ActiveCfg = Debug|x64
		{F0E04D08-C113-4C34-BE16-B84D44684A30}.Debug|x64.Build.0 = Debug|x64
		{F0E04D08-C113-4C34-BE16-B84D44684A30}.Debug|x86.ActiveCfg = Debug|Win32
		{F0E04D08-C113-4C34-BE16-B84D44684A30}.Debug|x86.Build.0 = Debug|Win32
		{F0E04D08-C113-4C34-BE16-B84D44684A30}.Release|x64.ActiveCfg = Release|x64
		{F0E04D08-C113-4C34-BE16-B84D44684A30}.Release|x64.Build.0 = Release|x64
		{F0E04D08-C113-4C34-BE16-B84D44684A30}.Release|x86.ActiveCfg = Release|Win32
		{F0E04D08-C113-4C34-BE16-B84D44684A30}.Release|x86.Build.0 = Release|Win32
		{7E299DE1-A815-4550-8D45-A1592CF9B710}.Debug|x64.ActiveCfg = Debug|x64
		{7E299DE1-A815-4550-8D45-A1592CF9B710}.Debug|x64.Build.0 = Debug|x64
		{7E299DE1-A815-4550-8D45-A1592CF9B710}.Debug|x86.ActiveCfg = Debug|Win32
		{7E299DE1-A815-4550-8D45-A1592CF9B710}.Debug|x86.Build.0 = Debug|Win32
		{7E299DE1-A815-4550-8D45-A1592CF9B710}.Release|x64.ActiveCfg = Release|x64
		{7E299DE1-A815-4550-8D45-A1592CF9B710}.Release|x64.Build.0 = Release|x64
		{7E299DE1-A815-4550-8D45-A1592CF9B710}.Release|x86.ActiveCfg = Release|Win32
		{7E299DE1-A815-4550-8D45-A1592CF9B710}.Release|x86.Build.0 = Release|Win32
		{535E3D66-9E2F-41E4-82A0-C9E61F56CA95}.Debug|x64.ActiveCfg = Debug|x64
		{535E3D66-9E2F-41E4-82A0-C9E61F56CA95}.Debug|x64.Build.0 = Debug|x64
		{535E3D66-9E2F-41E4-82A0-C9E61F56CA95}.Debug|x86.ActiveCfg = Debug|Win32
		{535E3D66-9E2F-41E4-82A0-C9E61F56CA95}.Debug|x86.Build.0 = Debug|Win32
		{535E3D66-9E2F-41E4-82A0-C9E61F56CA95}.Release|x64.ActiveCfg = Release|x64
		{535E3D66-9E2F-41E4-82A0-C9E61F56CA95}.Release|x64.Build.0 = Release|x64
		{535E3D66-9E2F-41E4-82A0-C9E61F56CA95}.Release|x86.ActiveCfg = Release|Win32
		{535E3D66-9E2F-41E4-82A0-C9E61F56CA95}.Release|x86.Build.0 = Release|Win32
		{8FA2B531-EB47-4F2B-A0C4-836921FCFA4B}.Debug|x64.ActiveCfg = Debug|x64
		{8FA2B531-EB47-4F2B-A0C4-836921FCFA4B}.Debug|x64.Build.0 = Debug|x64
		{8FA2B531-EB47-4F2B-A0C4-836921FCFA4B}.Debug|x86.ActiveCfg = Debug|Win32
		{8FA2B531-EB47-4F2B-A0C4-836921FCFA4B}.Debug|x86.Build.0 = Debug|Win32
		{8FA2B531-EB47-4F2B-A0C4-836921FCFA4B}.Release|x64.ActiveCfg = Release|x64
		{8FA2B531-EB47-4F2B-A0C4-836921FCFA4B}.Release|x64.Build.0 = Release|x64
		{8FA2B531-EB47-4F2B-A0C4-836921FCFA4B}.Release|x86.ActiveCfg = Release|Win32
		{8FA2B531-EB47-4F2B-A0C4-836921FCFA4B}.Release|x86.Build.0 = Release|Win32
		{C998BB9E-5725-4544-92F8-800C62120181}.Debug|x64.ActiveCfg = Debug|x64
		{C998BB9E-5725-4544-92F8-800C62120181}.Debug|x64.Build.0 = Debug|x64
		{C998BB9E-5725-4544-92F8-800C62120181}.Debug|x86.ActiveCfg = Debug|Win32
		{C998BB9E-5725-4544-92F8-800C62120181}.Debug|x86.Build.0 = Debug|Win32
		{C998BB9E-5725-4544-92F8-800C62120181}.Release|x64.ActiveCfg = Release|x64
		{C998BB9E-5725-4544-92F8-800C62120181}.Release|x64.Build.0 = Release|x64
		{C998BB9E-5725-4544-92F8-800C62120181}.Release|x86.ActiveCfg = Release|Win32
		{C998BB9E-5725-4544-92F8-800C62120181}.Release|x86.Build.0 = Release|Win32
		{C5C5A7CC-212E-4A18-B1EA-883E53152C25}.Debug|x64.ActiveCfg = Debug|x64
		{C5C5A7CC-212E-4A18-B1EA-883E53152C25}.Debug|x64.Build.0 = Debug|x64
		{C5C5A7CC-212E-4A18-B1EA-883E53152C25}.Debug|x86.ActiveCfg = Debug|Win32
		{C5C5A7CC-212E-4A18-B1EA-883E53152C25}.Debug|x86.Build.0 = Debug|Win32
		{C5C5A7CC-212E-4A18-B1EA-883E53152C25}.Release|x64.ActiveCfg = Release|x64
		{C5C5A7CC-212E-4A18-B1EA-883E53152C25}.Release|x64.Build.0 = Release|x64
		{C5C5A7CC-212E-4A18-B1EA-883E53152C25}.Release|x86.ActiveCfg = Release|Win32
		{C5C5A7CC-212E-4A18-B1EA-883E53152C25}.Release|x86.Build.0 = Release|Win32
		{4BC8F3C7-19AA-429D-8AE5-1311B8C54510}.Debug|x64.ActiveCfg = Debug|x64
		{4BC8F3C7-19AA-429D-8AE5-1311B8C54510}.Debug|x64.Build.0 = Debug|x64
		{4BC8F3C7-19AA-429D-8AE5-1311B8C54510}.Debug|x86.ActiveCfg = Debug|Win32
		{4BC8F3C7-19AA-429D-8AE5-1311B8C54510}.Debug|x86.Build.0 = Debug|Win32
		{4BC8F3C7-19AA-429D-8AE5-1311B8C54510}.Release|x64.ActiveCfg = Release|x64
		{4BC8F3C7-19AA-429D-8AE5-1311B8C54510}.Release|x64.Build.0 = Release|x64
		{4BC8F3C7-19AA-429D-8AE5-1311B8C54510}.Release|x86.ActiveCfg = Release|Win32
		{4BC8F3C7-19AA-429D-8AE5-1311B8C54510}.Release|x86.Build.0 = Release|Win32
		{0F4F478D-F8B5-4C5E-B187-BCFF8BB10BA2}.Debug|x64.ActiveCfg = Debug|x64
		{0F4F478D-F8B5-4C5E-B187-BCFF8BB10BA2}.Debug|x64.Build.0 = Debug|x64
		{0F4F478D-F8B5-4C5E-B187-BCFF8BB10BA2}.Debug|x86.ActiveCfg = Debug|Win32
		{0F4F478D-F8B5-4C5E-B187-BCFF8BB10BA2}.Debug|x86.Build.0 = Debug|Win32
		{0F4F478D-F8B5-4C5E-B187-BCFF8BB10BA2}.Release|x64.ActiveCfg = Release|x64
		{0F4F478D-F8B5-4C5E-B187-BCFF8BB10BA2}.Release|x64.Build.0 = Release|x64
		{0F4F478D-F8B5-4C5E-B187-BCFF8BB10BA2}.Release|x86.ActiveCfg = Release|Win32
		{0F4F478D-F8B5-4C5E-B187-BCFF8BB10BA2}.Release|x86.Build.0 = Release|Win32
		{2897FCD9-F29A-45E3-AF29-BE780F2CEF52}.Debug|x64.ActiveCfg = Debug|x64
		{2897FCD9-F29A-45E3-AF29-BE780F2CEF52}.Debug|x64.Build.0 = Debug|x64
		{2897FCD9-F29A-45E3-AF29-BE780F2CEF52}.Debug|x86.ActiveCfg = Debug|Win32
		{2897FCD9-F29A-45E3-AF29-BE780F2CEF52}.Debug|x86.Build.0 = Debug|Win32
		{2897FCD9-F29A-45E3-AF29-BE780F2CEF52}.Release|x64.ActiveCfg = Release|x64
		{2897FCD9-F29A-45E3-AF29-BE780F2CEF52}.Release|x64.Build.0 = Release|x64
		{2897FCD9-F29A-45E3-AF29-BE780F2CEF52}.Release|x86.ActiveCfg = Release|Win32
		{2897FCD9-F29A-45E3-AF29-BE780F2CEF52}.Release|x86.Build.0 = Release|Win32
		{50A21E26-AB44-44E2-B322-C03BF83ACA21}.Debug|x64.ActiveCfg = Debug|x64
		{50A21E26-AB44-44E2-B322-C03BF83ACA21}.Debug|x64.Build.0 = Debug|x64
		{50A21E26-AB44-44E2-B322-C03BF83ACA21}.Debug|x86.ActiveCfg = Debug|Win32
		{50A21E26-AB44-44E2-B322-C03BF83ACA21}.Debug|x86.Build.0 = Debug|Win32
		{50A21E26-AB44-44E2-B322-C03BF83ACA21}.Release|x64.ActiveCfg = Release|x64
		{50A21E26-AB44-44E2-B322-C03BF83ACA21}.Release|x64.Build.0 = Release|x64
		{50A21E26-AB44-44E2-B322-C03BF83ACA21}.Release|x86.ActiveCfg = Release|Win32
		{50A21E26-AB44-44E2-B322-C03BF83ACA21}.Release|x86.Build.0 = Release|Win32
		{B1365E81-50C9-4A05-A032-EFB7BC403A35}.Debug|x64.ActiveCfg = Debug|x64
		{B1365E81-50C9-4A05-A032-EFB7BC403A35}.Debug|x64.Build.0 = Debug|x64
		{B1365E81-50C9-4A05-A032-EFB7BC403A35}.Debug|x86.ActiveCfg = Debug|Win32
		{B1365E81-50C9-4A05-A032-EFB7BC403A35}.Debug|x86.Build.0 = Debug|Win32
		{B1365E81-50C9-4A05-A032-EFB7BC403A35}.Release|x64.ActiveCfg = Release|x64
		{B1365E81-50C9-4A05-A032-EFB7BC403A35}.Release|x64.Build.0 = Release|x64
		{B1365E81-50C9-4A05-A032-EFB7BC403A35}.Release|x86.ActiveCfg = Release|Win32
		{B1365E81-50C9-4A05-A032-EFB7BC403A35}.Release|x86.Build.0 = Release|Win32
		{10CB76A3-6F63-480E-BBA9-8A81807334FB}.Debug|x64.ActiveCfg = Debug|x64
		{10CB76A3-6F63-480E-BBA9-8A81807334FB}.Debug|x64.Build.0 = Debug|x64
		{10CB76A3-6F63-480E-BBA9-8A81807334FB}.Debug|x86.ActiveCfg = Debug|Win32
		{10CB76A3-6F63-480E-BBA9-8A81807334FB}.Debug|x86.Build.0 = Debug|Win32
		{10CB76A3-6F63-480E-BBA9-8A81807334FB}.Release|x64.ActiveCfg = Release|x64
		{10CB76A3-6F63-480E-BBA9-8A81807334FB}.Release|x64.Build.0 = Release|x64
		{10CB76A3-6F63-480E-BBA9-8A81807334FB}.Release|x86.ActiveCfg = Release|Win32
		{10CB76A3-6F63-480E-BBA9-8A81807334FB}.Release|x86.Build.0 = Release|Win32
		{F48270EA-D67B-4ED8-B3BA-A341D02A9F72}.Debug|x64.ActiveCfg = Debug|x64
		{F48270EA-D67B-4ED8-B3BA-A341D02A9F72}.Debug|x64.Build.0 = Debug|x64
		{F48270EA-D67B-4ED8-B3BA-A341D02A9F72}.Debug|x86.ActiveCfg = Debug|Win32
		{F48270EA-D67B-4ED8-B3BA-A341D02A9F72}.Debug|x86.Build.0 = Debug|Win32
		{F48270EA-D67B-4ED8-B3BA-A341D02A9F72}.Release|x64.ActiveCfg = Release|x64
		{F48270EA-D67B-4ED8-B3BA-A341D02A9F72}.Release|x64.Build.0 = Release|x64
		{F48270EA-D67B-4ED8-B3BA-A341D02A9F72}.Release|x86.ActiveCfg = Release|Win32
		{F48270EA-D67B-4ED8-B3BA-A341D02A9F72}.Release|x86.Build.0 = Release|Win32
		{4892234C-C6AD-44F4-AD02-A5352D5FC826}.Debug|x64.ActiveCfg = Debug|x64
		{4892234C-C6AD-44F4-AD02-A5352D5FC826}.Debug|x64.Build.0 = Debug|x64
		{4892234C-C6AD-44F4-AD02-A5352D5FC826}.Debug|x86.ActiveCfg = Debug|Win32
		{4892234C-C6AD-44F4-AD02-A5352D5FC826}.Debug|x86.Build.0 = Debug|Win32
		{4892234C-C6AD-44F4-AD02-A5352D5FC826}.Release|x64.ActiveCfg = Release|x64
		{4892234C-C6AD-44F4-AD02-A5352D5FC826}.Release|x64.Build.0 = Release|x64
		{4892234C-C6AD-44F4-AD02-A5352D5FC826}.Release|x86.ActiveCfg = Release|Win32
		{4892234C-C6AD-44F4-AD02-A5352D5FC826}.Release|x86.Build.0 = Release|Win32
		{D78A5A3D-B299-4A96-8A3B-6910612CE7B5}.Debug|x64.ActiveCfg = Debug|x64
		{D78A5A3D-B299-4A96-8A3B-6910612CE7B5}.Debug|x64.Build.0 = Debug|x64
		{D78A5A3D-B299-4A96-8A3B-6910612CE7B5}.Debug|x86.ActiveCfg = Debug|Win32
		{D78A5A3D-B299-4A96-8A3B-6910612CE7B5}.Debug|x86.Build.0 = Debug|Win32
		{D78A5A3D-B299-4A96-8A3B-6910612CE7B5}.Release|x64.ActiveCfg = Release|x64
		{D78A5A3D-B299-4A96-8A3B-6910612CE7B5}.Release|x64.Build.0 = Release|x64
		{D78A5A3D-B299-4A96-8A3B-6910612CE7B5}.Release|x86.ActiveCfg = Release|Win32
		{D78A5A3D-B299-4A96-8A3B-6910612CE7B5}.Release|x86.Build.0 = Release|Win32
		{690E935A-CF1A-495F-A8F6-7A9F925535A8}.Debug|x64.ActiveCfg = Debug|x64
		{690E935A-CF1A-495F-A8F6-7A9F925535A8}.Debug|x64.Build.0 = Debug|x64
		{690E935A-CF1A-495F-A8F6-7A9F925535A8}.Debug|x86.ActiveCfg = Debug|Win32
		{690E935A-CF1A-495F-A8F6-7A9F925535A8}.Debug|x86.Build.0 = Debug|Win32
		{690E935A-CF1A-495F-A8F6-7A9F925535A8}.Release|x64.ActiveCfg = Release|x64
		{690E935A-CF1A-495F-A8F6-7A9F925535A8}.Release|x64.Build.0 = Release|x64
		{690E935A-CF1A-495F-A8F6-7A9F925535A8}.Release|x86.ActiveCfg = Release|Win32
		{690E935A-CF1A-495F-A8F6-7A9F925535A8}.Release|x86.Build.0 = Release|Win32
		{79FB61D8-7412-4B1F-AFF5-8C18D5411577}.Debug|x64.ActiveCfg = Debug|x64
		{79FB61D8-7412-4B1F-AFF5-8C18D5411577}.Debug|x64.Build.0 = Debug|x64
		{79FB61D8-7412-4B1F-AFF5-8C18D5411577}.Debug|x86.ActiveCfg = Debug|Win32
		{79FB61D8-7412-4B1F-AFF5-8C18D5411577}.Debug|x86.Build.0 = Debug|Win32
		{79FB61D8-7412-4B1F-AFF5-8C18D5411577}.Release|x64.ActiveCfg = Release|x64
		{79FB61D8-7412-4B1F-AFF5-8C18D5411577}.Release|x64.Build.0 = Release|x64
		{79FB61D8-7412-4B1F-AFF5-8C18D5411577}.Release|x86.ActiveCfg = Release|Win32
		{79FB61D8-7412-4B1F-AFF5-8C18D5411577}.Release|x86.Build.0 = Release|Win32
		{3CD1109A-368E-4799-885C-DB1CC00CCFE1}.Debug|x64.ActiveCfg = Debug|x64
		{3CD1109A-368E-4799-885C-DB1CC00CCFE1}.Debug|x64.Build.0 = Debug|x64
		{3CD1109A-368E-4799-885C-DB1CC00CCFE1}.Debug|x86.ActiveCfg = Debug|Win32
		{3CD1109A-368E-4799-885C-DB1CC00CCFE1}.Debug|x86.Build.0 = Debug|Win32
		{3CD1109A-368E-4799-885C-DB1CC00CCFE1}.Release|x64.ActiveCfg = Release|x64
		{3CD1109A-368E-4799-885C-DB1CC00CCFE1}.Release|x64.Build.0 = Release|x64
		{3CD1109A-368E-4799-885C-DB1CC00CCFE1}.Release|x86.ActiveCfg = Release|Win32
		{3CD1109A-368E-4799-885C-DB1CC00CCFE1}.Release|x86.Build.0 = Release|Win32
		{8DFF0DD4-DF0E-42FC-9CED-629F861C03C1}.Debug|x64.ActiveCfg = Debug|x64
		{8DFF0DD4-DF0E-42FC-9CED-629F861C03C1}.Debug|x64.Build.0 = Debug|x64
		{8DFF0DD4-DF0E-42FC-9CED-629F861C03C1}.Debug|x86.ActiveCfg = Debug|Win32
		{8DFF0DD4-DF0E-42FC-9CED-629F861C03C1}.Debug|x86.Build.0 = Debug|Win32
		{8DFF0DD4-DF0E-42FC-9CED-629F861C03C1}.Release|x64.ActiveCfg = Release|x64
		{8DFF0DD4-DF0E-42FC-9CED-629F861C03C1}.Release|x64.Build.0 = Release|x64
		{8DFF0DD4-DF0E-42FC-9CED-629F861C03C1}.Release|x86.ActiveCfg = Release|Win32
		{8DFF0DD4-DF0E-42FC-9CED-629F861C03C1}.Release|x86.Build.0 = Release|Win32
		{CEA277C0-3CD2-46C5-B213-49DDE25A8C5E}.Debug|x64.ActiveCfg = Debug|x64
		{CEA277C0-3CD2-46C5-B213-49DDE25A8C5E}.Debug|x64.Build.0 = Debug|x64
		{CEA277C0-3CD2-46C5-B213-49DDE25A8C5E}.Debug|x86.ActiveCfg = Debug|Win32
		{CEA277C0-3CD2-46C5-B213-49DDE25A8C5E}.Debug|x86.Build.0 = Debug|Win32
		{CEA277C0-3CD2-46C5-B213-49DDE25A8C5E}.Release|x64.ActiveCfg = Release|x64
		{CEA277C0-3CD2-46C5-B213-49DDE25A8C5E}.Release|x64.Build.0 = Release|x64
		{CEA277C0-3CD2-46C5-B213-49DDE25A8C5E}.Release|x86.ActiveCfg = Release|Win32
		{CEA277C0-3CD2-46C5-B213-49DDE25A8C5E}.Release|x86.Build.0 = Release|Win32
		{B5281DE3-7C88-4371-B252-71DA1A96BED5}.Debug|x64.ActiveCfg = Debug|x64
		{B5281DE3-7C88-4371-B252-71DA1A96BED5}.Debug|x64.Build.0 = Debug|x64
		{B5281DE3-7C88-4371-B252-71DA1A96BED5}.Debug|x86.ActiveCfg = Debug|Win32
		{B5281DE3-7C88-4371-B252-71DA1A96BED5}.Debug|x86.Build.0 = Debug|Win32
		{B5281DE3-7C88-4371-B252-71DA1A96BED5}.Release|x64.ActiveCfg = Release|x64
		{B5281DE3-7C88-4371-B252-71DA1A96BED5}.Release|x64.Build.0 = Release|x64
		{B5281DE3-7C88-4371-B252-71DA1A96BED5}.Release|x86.ActiveCfg = Release|Win32
		{B5281DE3-7C88-4371-B252-71DA1A96BED5}.Release|x86.Build.0 = Release|Win32
		{047CB4D1-9A3C-44A9-8B52-87124BC53534}.Debug|x64.ActiveCfg = Debug|x64
		{047CB4D1-9A3C-44A9-8B52-87124BC53534}.Debug|x64.Build.0 = Debug|x64
		{047CB4D1-9A3C-44A9-8B52-87124BC53534}.Debug|x86.ActiveCfg = Debug|Win32
		{047CB4D1-9A3C-44A9-8B52-87124BC53534}.Debug|x86.Build.0 = Debug|Win32
		{047CB4D1-9A3C-44A9-8B52-87124BC53534}.Release|x64.ActiveCfg = Release|x64
		{047CB4D1-9A3C-44A9-8B52-87124BC53534}.Release|x64.Build.0 = Release|x64
		{047CB4D1-9A3C-44A9-8B52-87124BC53534}.Release|x86.ActiveCfg = Release|Win32
		{047CB4D1-9A3C-44A9-8B52-87124BC53534}.Release|x86.Build.0 = Release|Win32
		{1BBF37AC-0D47-4BFB-9804-1695660F840A}.Debug|x64.ActiveCfg = Debug|x64
		{1BBF37AC-0D47-4BFB-9804-1695660F840A}.Debug|x64.Build.0 = Debug|x64
		{1BBF37AC-0D47-4BFB-9804-1695660F840A}.Debug|x86.ActiveCfg = Debug|Win32
		{1BBF37AC-0D47-4BFB-9804-1695660F840A}.Debug|x86.Build.0 = Debug|Win32
		{1BBF37AC-0D47-4BFB-9804-1695660F840A}.Release|x64.ActiveCfg = Release|x64
		{1BBF37AC-0D47-4BFB-9804-1695660F840A}.Release|x64.Build.0 = Release|x64
		{1BBF37AC-0D47-4BFB-9804-1695660F840A}.Release|x86.ActiveCfg = Release|Win32
		{1BBF37AC-0D47-4BFB-9804-1695660F840A}.Release|x86.Build.0 = Release|Win32
		{7ADB81BA-B056-479D-AAA1-CD3CF22CFCB5}.Debug|x64.ActiveCfg = Debug|x64
		{7ADB81BA-B056-479D-AAA1-CD3CF22CFCB5}.Debug|x64.Build.0 = Debug|x64
		{7ADB81BA-B056-479D-AAA1-CD3CF22CFCB5}.Debug|x86.ActiveCfg = Debug|Win32
		{7ADB81BA-B056-479D-AAA1-CD3CF22CFCB5}.Debug|x86.Build.0 = Debug|Win32
		{7ADB81BA-B056-479D-AAA1-CD3CF22CFCB5}.Release|x64.ActiveCfg = Release|x64
		{7ADB81BA-B056-479D-AAA1-CD3CF22CFCB5}.Release|x64.Build.0 = Release|x64
		{7ADB81BA-B056-479D-AAA1-CD3CF22CFCB5}.Release|x86.ActiveCfg = Release|Win32
		{7ADB81BA-B056-479D-AAA1-CD3CF22CFCB5}.Release|x86.Build.0 = Release|Win32
		{F8CD7581-D16C-425C-94A5-F068083F63F9}.Debug|x64.ActiveCfg = Debug|x64
		{F8CD7581-D16C-425C-94A5-F068083F63F9}.Debug|x64.Build.0 = Debug|x64
		{F8CD7581-D16C-425C-94A5-F068083F63F9}.Debug|x86.ActiveCfg = Debug|Win32
		{F8CD7581-D16C-425C-94A5-F068083F63F9}.Debug|x86.Build.0 = Debug|Win32
		{F8CD7581-D16C-425C-94A5-F068083F63F9}.Release|x64.ActiveCfg = Release|x64
		{F8CD7581-D16C-425C-94A5-F068083F63F9}.Release|x64.Build.0 = Release|x64
		{F8CD7581-D16C-425C-94A5-F068083F63F9}.Release|x86.ActiveCfg = Release|Win32
		{F8CD7581-D16C-425C-94A5-F068083F63F9}.Release|x86.Build.0 = Release|Win32
		{8F8EB027-B3EA-42D6-BA7F-D91919D24A46}.Debug|x64.ActiveCfg = Debug|x64
		{8F8EB027-B3EA-42D6-BA7F-D91919D24A46}.Debug|x64.Build.0 = Debug|x64
		{8F8EB027-B3EA-42D6-BA7F-D91919D24A46}.Debug|x86.ActiveCfg = Debug|Win32
		{8F8EB027-B3EA-42D6-BA7F-D91919D24A46}.Debug|x86.Build.0 = Debug|Win32
		{8F8EB027-B3EA-42D6-BA7F-D91919D24A46}.Release|x64.ActiveCfg = Release|x64
		{8F8EB027-B3EA-42D6-BA7F-D91919D24A46}.Release|x64.Build.0 = Release|x64
		{8F8EB027-B3EA-42D6-BA7F-D91919D24A46}.Release|x86.ActiveCfg = Release|Win32
		{8F8EB027-B3EA-42D6-BA7F-D91919D24A46}.Release|x86.Build.0 = Release|Win32
		{07E340E8-3B18-4FF3-B81E-BE72C9E146E7}.Debug|x64.ActiveCfg = Debug|x64
		{07E340E8-3B18-4FF3-B81E-BE72C9E146E7}.Debug|x64.Build.0 = Debug|x64
		{07E340E8-3B18-4FF3-B81E-BE72C9E146E7}.Debug|x86.ActiveCfg = Debug|Win32
		{07E340E8-3B18-4FF3-B81E-BE72C9E146E7}.Debug|x86.Build.0 = Debug|Win32
		{07E340E8-3B18-4FF3-B81E-BE72C9E146E7}.Release|x64.ActiveCfg = Release|x64
		{07E340E8-3B18-4FF3-B81E-BE72C9E146E7}.Release|x64.Build.0 = Release|x64
		{07E340E8-3B18-4FF3-B81E-BE72C9E146E7}.Release|x86.ActiveCfg = Release|Win32
		{07E340E8-3B18-4FF3-B81E-BE72C9E146E7}.Release|x86.Build.0 = Release|Win32
		{A9A11B89-567F-40CA-A5D2-CADD4426B9B4}.Debug|x64.ActiveCfg = Debug|x64
		{A9A11B89-567F-40CA-A5D2-CADD4426B9B4}.Debug|x64.Build.0 = Debug|x64
		{A9A11B89-567F-40CA-A5D2-CADD4426B9B4}.Debug|x86.ActiveCfg = Debug|Win32
		{A9A11B89-567F-40CA-A5D2-CADD4426B9B4}.Debug|x86.Build.0 = Debug|Win32
		{A9A11B89-567F-40CA-A5D2-CADD4426B9B4}.Release|x64.ActiveCfg = Release|x64
		{A9A11B89-567F-40CA-A5D2-CADD4426B9B4}.Release|x64.Build.0 = Release|x64
		{A9A11B89-567F-40CA-A5D2-CADD4426B9B4}.Release|x86.ActiveCfg = Release|Win32
		{A9A11B89-567F-40CA-A5D2-CADD4426B9B4}.Release|x86.Build.0 = Release|Win32
		{4F619DAD-07B2-4720-9F69-E312E9E33DCF}.Debug|x64.ActiveCfg = Debug|x64
		{4F619DAD-07B2-4720-9F69-E312E9E33DCF}.Debug|x64.Build.0 = Debug|x64
		{4F619DAD-07B2-4720-9F69-E312E9E33DCF}.Debug|x86.ActiveCfg = Debug|Win32
		{4F619DAD-07B2-4720-9F69-E312E9E33DCF}.Debug|x86.Build.0 = Debug|Win32
		{4F619DAD-07B2-4720-9F69-E312E9E33DCF}.Release|x64.ActiveCfg = Release|x64
		{4F619DAD-07B2-4720-9F69-E312E9E33DCF}.Release|x64.Build.0 = Release|x64
		{4F619DAD-07B2-4720-9F69-E312E9E33DCF}.Release|x86.ActiveCfg = Release|Win32
		{4F619DAD-07B2-4720-9F69-E312E9E33DCF}.Release|x86.Build.0 = Release|Win32
		{E4586512-9027-456A-897E-611126616EEE}.Debug|x64.ActiveCfg = Debug|x64
		{E4586512-9027-456A-897E-611126616EEE}.Debug|x64.Build.0 = Debug|x64
		{E4586512-9027-456A-897E-611126616EEE}.Debug|x86.ActiveCfg = Debug|Win32
		{E4586512-9027-456A-897E-611126616EEE}.Debug|x86.Build.0 = Debug|Win32
		{E4586512-9027-456A-897E-611126616EEE}.Release|x64.ActiveCfg = Release|x64
		{E4586512-9027-456A-897E-611126616EEE}.Release|x64.Build.0 = Release|x64
		{E4586512-9027-456A-897E-611126616EEE}.Release|x86.ActiveCfg = Release|Win32
		{E4586512-9027-456A-897E-611126616EEE}.Release|x86.Build.0 = Release|Win32
		{8F4EE8F4-6898-43B7-A9BA-769480E73D2B}.Debug|x64.ActiveCfg = Debug|x64
		{8F4EE8F4-6898-43B7-A9BA-769480E73D2B}.Debug|x64.Build.0 = Debug|x64
		{8F4EE8F4-6898-43B7-A9BA-769480E73D2B}.Debug|x86.ActiveCfg = Debug|Win32
		{8F4EE8F4-6898-43B7-A9BA-769480E73D2B}.Debug|x86.Build.0 = Debug|Win32
		{8F4EE8F4-6898-43B7-A9BA-769480E73D2B}.Release|x64.ActiveCfg = Release|x64
		{8F4EE8F4-6898-43B7-A9BA-769480E73D2B}.Release|x64.Build.0 = Release|x64
		{8F4EE8F4-6898-43B7-A9BA-769480E73D2B}.Release|x86.ActiveCfg = Release|Win32
		{8F4EE8F4-6898-43B7-A9BA-769480E73D2B}.Release|x86.Build.0 = Release|Win32
		{9CC0210B-2D97-4555-AD41-71CFDA47B5E7}.Debug|x64.ActiveCfg = Debug|x64
		{9CC0210B-2D97-4555-AD41-71CFDA47B5E7}.Debug|x64.Build.0 = Debug|x64
		{9CC0210B-2D97-4555-AD41-71CFDA47B5E7}.Debug|x86.ActiveCfg = Debug|Win32
		{9CC0210B-2D97-4555-AD41-71CFDA47B5E7}.Debug|x86.Build.0 = Debug|Win32
		{9CC0210B-2D97-4555-AD41-71CFDA47B5E7}.Release|x64.ActiveCfg = Release|x64
		{9CC0210B-2D97-4555-AD41-71CFDA47B5E7}.Release|x64.Build.0 = Release|x64
		{9CC0210B-2D97-4555-AD41-71CFDA47B5E7}.Release|x86.ActiveCfg = Release|Win32
		{9CC0210B-2D97-4555-AD41-71CFDA47B5E7}.Release|x86.Build.0 = Release|Win32
		{E834DBA7-469B-443D-A2DD-4D0D5D914790}.Debug|x64.ActiveCfg = Debug|x64
		{E834DBA7-469B-443D-A2DD-4D0D5D914790}.Debug|x64.Build.0 = Debug|x64
		{E834DBA7-469B-443D-A2DD-4D0D5D914790}.Debug|x86.ActiveCfg = Debug|Win32
		{E834DBA7-469B-443D-A2DD-4D0D5D914790}.Debug|x86.Build.0 = Debug|Win32
		{E834DBA7-469B-443D-A2DD-4D0D5D914790}.Release|x64.ActiveCfg = Release|x64
		{E834DBA7-469B-443D-A2DD-4D0D5D914790}.Release|x64.Build.0 = Release|x64
		{E834DBA7-469B-443D-A2DD-4D0D5D914790}.Release|x86.ActiveCfg = Release|Win32
		{E834DBA7-469B-443D-A2DD-4D0D5D914790}.Release|x86.Build.0 = Release|Win32
		{576AA6D4-7161-4B26-9533-9F88B170D166}.Debug|x64.ActiveCfg = Debug|x64
		{576AA6D4-7161-4B26-9533-9F88B170D166}.Debug|x64.Build.0 = Debug|x64
		{576AA6D4-7161-4B26-9533-9F88B170D166}.Debug|x86.ActiveCfg = Debug|Win32
		{576AA6D4-7161-4B26-9533-9F88B170D166}.Debug|x86.Build.0 = Debug|Win32
		{576AA6D4-7161-4B26-9533-9F88B170D166}.Release|x64.ActiveCfg = Release|x64
		{576AA6D4-7161-4B26-9533-9F88B170D166}.Release|x64.Build.0 = Release|x64
		{576AA6D4-7161-4B26-9533-9F88B170D166}.Release|x86.ActiveCfg = Release|Win32
		{576AA6D4-7161-4B26-9533-9F88B170D166}.Release|x86.Build.0 = Release|Win32
		{377055E6-2D00-4438-93C8-26161D7491D3}.Debug|x64.ActiveCfg = Debug|x64
		{377055E6-2D00-4438-93C8-26161D7491D3}.Debug|x64.Build.0 = Debug|x64
		{377055E6-2D00-4438-93C8-26161D7491D3}.Debug|x86.ActiveCfg = Debug|Win32
		{377055E6-2D00-4438-93C8-26161D7491D3}.Debug|x86.Build.0 = Debug|Win32
		{377055E6-2D00-4438-93C8-26161D7491D3}.Release|x64.ActiveCfg = Release|x64
		{377055E6-2D00-4438-93C8-26161D7491D3}.Release|x64.Build.0 = Release|x64
		{377055E6-2D00-4438-93C8-26161D7491D3}.Release|x86.ActiveCfg = Release|Win32
		{377055E6-2D00-4438-93C8-26161D7491D3}.Release|x86.Build.0 = Release|Win32
		{FD98F6A4-C0AF-48CC-BAE5-40A481192CA6}.Debug|x64.ActiveCfg = Debug|x64
		{FD98F6A4-C0AF-48CC-BAE5-40A481192CA6}.Debug|x64.Build.0 = Debug|x64
		{FD98F6A4-C0AF-48CC-BAE5-40A481192CA6}.Debug|x86.ActiveCfg = Debug|Win32
		{FD98F6A4-C0AF-48CC-BAE5-40A481192CA6}.Debug|x86.Build.0 = Debug|Win32
		{FD98F6A4-C0AF-48CC-BAE5-40A481192CA6}.Release|x64.ActiveCfg = Release|x64
		{FD98F6A4-C0AF-48CC-BAE5-40A481192CA6}.Release|x64.Build.0 = Release|x64
		{FD98F6A4-C0AF-48CC-BAE5-40A481192CA6}.Release|x86.ActiveCfg = Release|Win32
		{FD98F6A4-C0AF-48CC-BAE5-40A481192CA6}.Release|x86.Build.0 = Release|Win32
		{313713F8-E546-488A-B5C4-D2745CCD3371}.Debug|x64.ActiveCfg = Debug|x64
		{313713F8-E546-488A-B5C4-D2745CCD3371}.Debug|x64.Build.0 = Debug|x64
		{313713F8-E546-488A-B5C4-D2745CCD3371}.Debug|x86.ActiveCfg = Debug|Win32
		{313713F8-E546-488A-B5C4-D2745CCD3371}.Debug|x86.Build.0 = Debug|Win32
		{313713F8-E546-488A-B5C4-D2745CCD3371}.Release|x64.ActiveCfg = Release|x64
		{313713F8-E546-488A-B5C4-D2745CCD3371}.Release|x64.Build.0 = Release|x64
		{313713F8-E546-488A-B5C4-D2745CCD3371}.Release|x86.ActiveCfg = Release|Win32
		{313713F8-E546-488A-B5C4-D2745CCD3371}.Release|x86.Build.0 = Release|Win32
		{6E45A9BF-1C27-4EC8-A469-DC27533A2914}.Debug|x64.ActiveCfg = Debug|x64
		{6E45A9BF-1C27-4EC8-A469-DC27533A2914}.Debug|x64.Build.0 = Debug|x64
		{6E45A9BF-1C27-4EC8-A469-DC27533A2914}.Debug|x86.ActiveCfg = Debug|Win32
		{6E45A9BF-1C27-4EC8-A469-DC27533A2914}.Debug|x86.Build.0 = Debug|Win32
		{6E45A9BF-1C27-4EC8-A469-DC27533A2914}.Release|x64.ActiveCfg = Release|x64
		{6E45A9BF-1C27-4EC8-A469-DC27533A2914}.Release|x64.Build.0 = Release|x64
		{6E45A9BF-1C27-4EC8-A469-DC27533A2914}.Release|x86.ActiveCfg = Release|Win32
		{6E45A9BF-1C27-4EC8-A469-DC27533A2914}.Release|x86.Build.0 = Release|Win32
		{3925F4E8-946A-4D15-A414-5168369390A3}.Debug|x64.ActiveCfg = Debug|x64
		{3925F4E8-946A-4D15-A414-5168369390A3}.Debug|x64.Build.0 = Debug|x64
		{3925F4E8-946A-4D15-A414-5168369390A3}.Debug|x86.ActiveCfg = Debug|Win32
		{3925F4E8-946A-4D15-A414-5168369390A3}.Debug|x86.Build.0 = Debug|Win32
		{3925F4E8-946A-4D15-A414-5168369390A3}.Release|x64.ActiveCfg = Release|x64
		{3925F4E8-946A-4D15-A414-5168369390A3}.Release|x64.Build.0 = Release|x64
		{3925F4E8-946A-4D15-A414-5168369390A3}.Release|x86.ActiveCfg = Release|Win32
		{3925F4E8-946A-4D15-A414-5168369390A3}.Release|x86.Build.0 = Release|Win32
		{92727EF3-5F39-48D1-A151-0F50116736BF}.Debug|x64.ActiveCfg = Debug|x64
		{92727EF3-5F39-48D1-A151-0F50116736BF}.Debug|x64.Build.0 = Debug|x64
		{92727EF3-5F39-48D1-A151-0F50116736BF}.Debug|x86.ActiveCfg = Debug|Win32
		{92727EF3-5F39-48D1-A151-0F50116736BF}.Debug|x86.Build.0 = Debug|Win32
		{92727EF3-5F39-48D1-A151-0F50116736BF}.Release|x64.ActiveCfg = Release|x64
		{92727EF3-5F39-48D1-A151-0F50116736BF}.Release|x64.Build.0 = Release|x64
		{92727EF3-5F39-48D1-A151-0F50116736BF}.Release|x86.ActiveCfg = Release|Win32
		{92727EF3-5F39-48D1-A151-0F50116736BF}.Release|x86.Build.0 = Release|Win32
		{6C9A8489-4948-439B-81FB-9735400B65EA}.Debug|x64.ActiveCfg = Debug|x64
		{6C9A8489-4948-439B-81FB-9735400B65EA}.Debug|x64.Build.0 = Debug|x64
		{6C9A8489-4948-439B-81FB-9735400B65EA}.Debug|x86.ActiveCfg = Debug|Win32
		{6C9A8489-4948-439B-81FB-9735400B65EA}.Debug|x86.Build.0 = Debug|Win32
		{6C9A8489-4948-439B-81FB-9735400B65EA}.Release|x64.ActiveCfg = Release|x64
		{6C9A8489-4948-439B-81FB-9735400B65EA}.Release|x64.Build.0 = Release|x64
		{6C9A8489-4948-439B-81FB-9735400B65EA}.Release|x86.ActiveCfg = Release|Win32
		{6C9A8489-4948-439B-81FB-9735400B65EA}.Release|x86.Build.0 = Release|Win32
		{B0D2765A-214B-4738-96F2-2B8792C6F338}.Debug|x64.ActiveCfg = Debug|x64
		{B0D2765A-214B-4738-96F2-2B8792C6F338}.Debug|x64.Build.0 = Debug|x64
		{B0D2765A-214B-4738-96F2-2B8792C6F338}.Debug|x86.ActiveCfg = Debug|Win32
		{B0D2765A-214B-4738-96F2-2B8792C6F338}.Debug|x86.Build.0 = Debug|Win32
		{B0D2765A-214B-4738-96F2-2B8792C6F338}.Release|x64.ActiveCfg = Release|x64
		{B0D2765A-214B-4738-96F2-2B8792C6F338}.Release|x64.Build.0 = Release|x64
		{B0D2765A-214B-4738-96F2-2B8792C6F338}.Release|x86.ActiveCfg = Release|Win32
		{B0D2765A-214B-4738-96F2-2B8792C6F338}.Release|x86.Build.0 = Release|Win32
		{B7A6FD40-51A8-4E17-AB2E-E318F0993EA2}.Debug|x64.ActiveCfg = Debug|x64
		{B7A6FD40-51A8-4E17-AB2E-E318F0993EA2}.Debug|x64.Build.0 = Debug|x64
		{B7A6FD40-51A8-4E17-AB2E-E318F0993EA2}.Debug|x86.ActiveCfg = Debug|Win32
		{B7A6FD40-51A8-4E17-AB2E-E318F0993EA2}.Debug|x86.Build.0 = Debug|Win32
		{B7A6FD40-51A8-4E17-AB2E-E318F0993EA2}.Release|x64.ActiveCfg = Release|x64
		{B7A6FD40-51A8-4E17-AB2E-E318F0993EA2}.Release|x64.Build.0 = Release|x64
		{B7A6FD40-51A8-4E17-AB2E-E318F0993EA2}.Release|x86.ActiveCfg = Release|Win32
		{B7A6FD40-51A8-4E17-AB2E-E318F0993EA2}.Release|x86.Build.0 = Release|Win32
		{024F7231-90A6-4358-B5FD-F0244FC7752A}.Debug|x64.ActiveCfg = Debug|x64
		{024F7231-90A6-4358-B5FD-F0244FC7752A}.Debug|x64.Build.0 = Debug|x64
		{024F7231-90A6-4358-B5FD-F0244FC7752A}.Debug|x86.ActiveCfg = Debug|Win32
		{024F7231-90A6-4358-B5FD-F0244FC7752A}.Debug|x86.Build.0 = Debug|Win32
		{024F7231-90A6-4358-B5FD-F0244FC7752A}.Release|x64.ActiveCfg = Release|x64
		{024F7231-90A6-4358-B5FD-F0244FC7752A}.Release|x64.Build.0 = Release|x64
		{024F7231-90A6-4358-B5FD-F0244FC7752A}.Release|x86.ActiveCfg = Release|Win32
		{024F7231-90A6-4358-B5FD-F0244FC7752A}.Release|x86.Build.0 = Release|Win32
		{F066EEA0-2DCF-4804-A01B-B79F4DC845D1}.Debug|x64.ActiveCfg = Debug|x64
		{F066EEA0-2DCF-4804-A01B-B79F4DC845D1}.Debug|x64.Build.0 = Debug|x64
		{F066EEA0-2DCF-4804-A01B-B79F4DC845D1}.Debug|x86.ActiveCfg = Debug|Win32
		{F066EEA0-2DCF-4804-A01B-B79F4DC845D1}.Debug|x86.Build.0 = Debug|Win32
		{F066EEA0-2DCF-4804-A01B-B79F4DC845D1}.Release|x64.ActiveCfg = Release|x64
		{F066EEA0-2DCF-4804-A01B-B79F4DC845D1}.Release|x64.Build.0 = Release|x64
		{F066EEA0-2DCF-4804-A01B-B79F4DC845D1}.Release|x86.ActiveCfg = Release|Win32
		{F066EEA0-2DCF-4804-A01B-B79F4DC845D1}.Release|x86.Build.0 = Release|Win32
		{72C6AFD4-8F96-4B54-B773-55D64ED66100}.Debug|x64.ActiveCfg = Debug|x64
		{72C6AFD4-8F96-4B54-B773-55D64ED66100}.Debug|x64.Build.0 = Debug|x64
		{72C6AFD4-8F96-4B54-B773-55D64ED66100}.Debug|x86.ActiveCfg = Debug|Win32
		{72C6AFD4-8F96-4B54-B773-55D64ED66100}.Debug|x86.Build.0 = Debug|Win32
		{72C6AFD4-8F96-4B54-B773-55D64ED66100}.Release|x64.ActiveCfg = Release|x64
		{72C6AFD4-8F96-4B54-B773-55D64ED66100}.Release|x64.Build.0 = Release|x64
		{72C6AFD4-8F96-4B54-B773-55D64ED66100}.Release|x86.ActiveCfg = Release|Win32
		{72C6AFD4-8F96-4B54-B773-55D64ED66100}.Release|x86.Build.0 = Release|Win32
		{9872E414-847B-409B-ABD1-168FC8BC7C07}.Debug|x64.ActiveCfg = Debug|x64
		{9872E414-847B-409B-ABD1-168FC8BC7C07}.Debug|x64.Build.0 = Debug|x64
		{9872E414-847B-409B-ABD1-168FC8BC7C07}.Debug|x86.ActiveCfg = Debug|Win32
		{9872E414-847B-409B-ABD1-168FC8BC7C07}.Debug|x86.Build.0 = Debug|Win32
		{9872E414-847B-409B-ABD1-168FC8BC7C07}.Release|x64.ActiveCfg = Release|x64
		{9872E414-847B-409B-ABD1-168FC8BC7C07}.Release|x64.Build.0 = Release|x64
		{9872E414-847B-409B-ABD1-168FC8BC7C07}.Release|x86.ActiveCfg = Release|Win32
		{9872E414-847B-409B-ABD1-168FC8BC7C07}.Release|x86.Build.0 = Release|Win32
		{2930550D-CD81-4F8E-AEE9-D9BEF3483CC2}.Debug|x64.ActiveCfg = Debug|x64
		{2930550D-CD81-4F8E-AEE9-D9BEF3483CC2}.Debug|x64.Build.0 = Debug|x64
		{2930550D-CD81-4F8E-AEE9-D9BEF3483CC2}.Debug|x86.ActiveCfg = Debug|Win32
		{2930550D-CD81-4F8E-AEE9-D9BEF3483CC2}.Debug|x86.Build.0 = Debug|Win32
		{2930550D-CD81-4F8E-AEE9-D9BEF3483CC2}.Release|x64.ActiveCfg = Release|x64
		{2930550D-CD81-4F8E-AEE9-D9BEF3483CC2}.Release|x64.Build.0 = Release|x64
		{2930550D-CD81-4F8E-AEE9-D9BEF3483CC2}.Release|x86.ActiveCfg = Release|Win32
		{2930550D-CD81-4F8E-AEE9-D9BEF3483CC2}.Release|x86.Build.0 = Release|Win32
		{4BC2EC1D-8E84-4402-B7A6-8DC89DA89638}.Debug|x64.ActiveCfg = Debug|x64
		{4BC2EC1D-8E84-4402-B7A6-8DC89DA89638}.Debug|x64.Build.0 = Debug|x64
		{4BC2EC1D-8E84-4402-B7A6-8DC89DA89638}.Debug|x86.ActiveCfg = Debug|Win32
		{4BC2EC1D-8E84-4402-B7A6-8DC89DA89638}.Debug|x86.Build.0 = Debug|Win32
		{4BC2EC1D-8E84-4402-B7A6-8DC89DA89638}.Release|x64.ActiveCfg = Release|x64
		{4BC2EC1D-8E84-4402-B7A6-8DC89DA89638}.Release|x64.Build.0 = Release|x64
		{4BC2EC1D-8E84-4402-B7A6-8DC89DA89638}.Release|x86.ActiveCfg = Release|Win32
		{4BC2EC1D-8E84-4402-B7A6-8DC89DA89638}.Release|x86.Build.0 = Release|Win32
		{0364071D-616A-4837-89DF-5FA227D2AF8F}.Debug|x64.ActiveCfg = Debug|x64
		{0364071D-616A-4837-89DF-5FA227D2AF8F}.Debug|x64.Build.0 = Debug|x64
		{0364071D-616A-4837-89DF-5FA227D2AF8F}.Debug|x86.ActiveCfg = Debug|Win32
		{0364071D-616A-4837-89DF-5FA227D2AF8F}.Debug|x86.Build.0 = Debug|Win32
		{0364071D-616A-4837-89DF-5FA227D2AF8F}.Release|x64.ActiveCfg = Release|x64
		{0364071D-616A-4837-89DF-5FA227D2AF8F}.Release|x64.Build.0 = Release|x64
		{0364071D-616A-4837-89DF-5FA227D2AF8F}.Release|x86.ActiveCfg = Release|Win32
		{0364071D-616A-4837-89DF-5FA227D2AF8F}.Release|x86.Build.0 = Release|Win32
		{7F777801-6BA9-4693-AB4C-2030316FAC08}.Debug|x64.ActiveCfg = Debug|x64
		{7F777801-6BA9-4693-AB4C-2030316FAC08}.Debug|x64.Build.0 = Debug|x64
		{7F777801-6BA9-4693-AB4C-2030316FAC08}.Debug|x86.ActiveCfg = Debug|Win32
		{7F777801-6BA9-4693-AB4C-2030316FAC08}.Debug|x86.Build.0 = Debug|Win32
		{7F777801-6BA9-4693-AB4C-2030316FAC08}.Release|x64.ActiveCfg = Release|x64
		{7F777801-6BA9-4693-AB4C-2030316FAC08}.Release|x64.Build.0 = Release|x64
		{7F777801-6BA9-4693-AB4C-2030316FAC08}.Release|x86.ActiveCfg = Release|Win32
		{7F777801-6BA9-4693-AB4C-2030316FAC08}.Release|x86.Build.0 = Release|Win32
		{F1E7ABF6-5079-4DCB-9E34-A917FD13D3C1}.Debug|x64.ActiveCfg = Debug|x64
		{F1E7ABF6-5079-4DCB-9E34-A917FD13D3C1}.Debug|x64.Build.0 = Debug|x64
		{F1E7ABF6-5079-4DCB-9E34-A917FD13D3C1}.Debug|x86.ActiveCfg = Debug|Win32
		{F1E7ABF6-5079-4DCB-9E34-A917FD13D3C1}.Debug|x86.Build.0 = Debug|Win32
		{F1E7ABF6-5079-4DCB-9E34-A917FD13D3C1}.Release|x64.ActiveCfg = Release|x64
		{F1E7ABF6-5079-4DCB-9E34-A917FD13D3C1}.Release|x64.Build.0 = Release|x64
		{F1E7ABF6-5079-4DCB-9E34-A917FD13D3C1}.Release|x86.ActiveCfg = Release|Win32
		{F1E7ABF6-5079-4DCB-9E34-A917FD13D3C1}.Release|x86.Build.0 = Release|Win32
		{4D9D4D47-3331-4212-8290-D97CC20B5A7F}.Debug|x64.ActiveCfg = Debug|x64
		{4D9D4D47-3331-4212-8290-D97CC20B5A7F}.Debug|x64.Build.0 = Debug|x64
		{4D9D4D47-3331-4212-8290-D97CC20B5A7F}.Debug|x86.ActiveCfg = Debug|Win32
		{4D9D4D47-3331-4212-8290-D97CC20B5A7F}.Debug|x86.Build.0 = Debug|Win32
		{4D9D4D47-3331-4212-8290-D97CC20B5A7F}.Release|x64.ActiveCfg = Release|x64
		{4D9D4D47-3331-4212-8290-D97CC20B5A7F}.Release|x64.Build.0 = Release|x64
		{4D9D4D47-3331-4212-8290-D97CC20B5A7F}.Release|x86.ActiveCfg = Release|Win32
		{4D9D4D47-3331-4212-8290-D97CC20B5A7F}.Release|x86.Build.0 = Release|Win32
		{FF0EB2B4-3589-4827-9D1E-A296A2A76C8A}.Debug|x64.ActiveCfg = Debug|x64
		{FF0EB2B4-3589-4827-9D1E-A296A2A76C8A}.Debug|x64.Build.0 = Debug|x64
		{FF0EB2B4-3589-4827-9D1E-A296A2A76C8A}.Debug|x86.ActiveCfg = Debug|Win32
		{FF0EB2B4-3589-4827-9D1E-A296A2A76C8A}.Debug|x86.Build.0 = Debug|Win32
		{FF0EB2B4-3589-4827-9D1E-A296A2A76C8A}.Release|x64.ActiveCfg = Release|x64
		{FF0EB2B4-3589-4827-9D1E-A296A2A76C8A}.Release|x64.Build.0 = Release|x64
		{FF0EB2B4-3589-4827-9D1E-A296A2A76C8A}.Release|x86.ActiveCfg = Release|Win32
		{FF0EB2B4-3589-4827-9D1E-A296A2A76C8A}.Release|x86.Build.0 = Release|Win32
		{B2FFCF51-FB40-4930-9AF7-31DC551E047B}.Debug|x64.ActiveCfg = Debug|x64
		{B2FFCF51-FB40-4930-9AF7-31DC551E047B}.Debug|x64.Build.0 = Debug|x64
		{B2FFCF51-FB40-4930-9AF7-31DC551E047B}.Debug|x86.ActiveCfg = Debug|Win32
		{B2FFCF51-FB40-4930-9AF7-31DC551E047B}.Debug|x86.Build.0 = Debug|Win32
		{B2FFCF51-FB40-4930-9AF7-31DC551E047B}.Release|x64.ActiveCfg = Release|x64
		{B2FFCF51-FB40-4930-9AF7-31DC551E047B}.Release|x64.Build.0 = Release|x64
		{B2FFCF51-FB40-4930-9AF7-31DC551E047B}.Release|x86.ActiveCfg = Release|Win32
		{B2FFCF51-FB40-4930-9AF7-31DC551E047B}.Release|x86.Build.0 = Release|Win32
		{D9B95EA9-2C97-47F9-8613-60BADF883B71}.Debug|x64.ActiveCfg = Debug|x64
		{D9B95EA9-2C97-47F9-8613-60BADF883B71}.Debug|x64.Build.0 = Debug|x64
		{D9B95EA9-2C97-47F9-8613-60BADF883B71}.Debug|x86.ActiveCfg = Debug|Win32
		{D9B95EA9-2C97-47F9-8613-60BADF883B71}.Debug|x86.Build.0 = Debug|Win32
		{D9B95EA9-2C97-47F9-8613-60BADF883B71}.Release|x64.ActiveCfg = Release|x64
		{D9B95EA9-2C97-47F9-8613-60BADF883B71}.Release|x64.Build.0 = Release|x64
		{D9B95EA9-2C97-47F9-8613-60BADF883B71}.Release|x86.ActiveCfg = Release|Win32
		{D9B95EA9-2C97-47F9-8613-60BADF883B71}.Release|x86.Build.0 = Release|Win32
		{C184485C-B568-43D8-BAAB-C09FAD6179C1}.Debug|x64.ActiveCfg = Debug|x64
		{C184485C-B568-43D8-BAAB-C09FAD6179C1}.Debug|x64.Build.0 = Debug|x64
		{C184485C-B568-43D8-BAAB-C09FAD6179C1}.Debug|x86.ActiveCfg = Debug|Win32
		{C184485C-B568-43D8-BAAB-C09FAD6179C1}.Debug|x86.Build.0 = Debug|Win32
		{C184485C-B568-43D8-BAAB-C09FAD6179C1}.Release|x64.ActiveCfg = Release|x64
		{C184485C-B568-43D8-BAAB-C09FAD6179C1}.Release|x64.Build.0 = Release|x64
		{C184485C-B568-43D8-BAAB-C09FAD6179C1}.Release|x86.ActiveCfg = Release|Win32
		{C184485C-B568-43D8-BAAB-C09FAD6179C1}.Release|x86.Build.0 = Release|Win32
		{08F04EDC-BF9B-43C1-87BA-AF9BA4D8A431}.Debug|x64.ActiveCfg = Debug|x64
		{08F04EDC-BF9B-43C1-87BA-AF9BA4D8A431}.Debug|x64.Build.0 = Debug|x64
		{08F04EDC-BF9B-43C1-87BA-AF9BA4D8A431}.Debug|x86.ActiveCfg = Debug|Win32
		{08F04EDC-BF9B-43C1-87BA-AF9BA4D8A431}.Debug|x86.Build.0 = Debug|Win32
		{08F04EDC-BF9B-43C1-87BA-AF9BA4D8A431}.Release|x64.ActiveCfg = Release|x64
		{08F04EDC-BF9B-43C1-87BA-AF9BA4D8A431}.Release|x64.Build.0 = Release|x64
		{08F04EDC-BF9B-43C1-87BA-AF9BA4D8A431}.Release|x86.ActiveCfg = Release|Win32
		{08F04EDC-BF9B-43C1-87BA-AF9BA4D8A431}.Release|x86.Build.0 = Release|Win32
		{6784B498-AB27-4C52-9C75-FCE9376A7C0A}.Debug|x64.ActiveCfg = Debug|x64
		{6784B498-AB27-4C52-9C75-FCE9376A7C0A}.Debug|x64.Build.0 = Debug|x64
		{6784B498-AB27-4C52-9C75-FCE9376A7C0A}.Debug|x86.ActiveCfg = Debug|Win32
		{6784B498-AB27-4C52-9C75-FCE9376A7C0A}.Debug|x86.Build.0 = Debug|Win32
		{6784B498-AB27-4C52-9C75-FCE9376A7C0A}.Release|x64.ActiveCfg = Release|x64
		{6784B498-AB27-4C52-9C75-FCE9376A7C0A}.Release|x64.Build.0 = Release|x64
		{6784B498-AB27-4C52-9C75-FCE9376A7C0A}.Release|x86.ActiveCfg = Release|Win32
		{6784B498-AB27-4C52-9C75-FCE9376A7C0A}.Release|x86.Build.0 = Release|Win32
	EndGlobalSection
	GlobalSection(SolutionProperties) = preSolution
		HideSolutionNode = FALSE
	EndGlobalSection
	GlobalSection(ExtensibilityGlobals) = postSolution
		SolutionGuid = {F3476207-946F-4501-A151-4D86FC07394C}
	EndGlobalSection
EndGlobal
